// !$*UTF8*$!
{
	archiveVersion = 1;
	classes = {
	};
	objectVersion = 52;
	objects = {

/* Begin PBXBuildFile section */
		1B9C504F84DEAFDC13EFDFE6 /* RecordingStorage.swift in Sources */ = {isa = PBXBuildFile; fileRef = 1B9C5761EF0B2CFB776D0C2C /* RecordingStorage.swift */; };
		1B9C51503383B2C84146CC50 /* ImportRecordingsButton.swift in Sources */ = {isa = PBXBuildFile; fileRef = 1B9C55B5F8DA369061145FB5 /* ImportRecordingsButton.swift */; };
		1B9C5177C2FF02D0179EE654 /* UserActivationDemoView.swift in Sources */ = {isa = PBXBuildFile; fileRef = 1B9C59196EC3AD3DA7A1FFAD /* UserActivationDemoView.swift */; };
		1B9C518F2F23482594BCDF59 /* FaceRegion.swift in Sources */ = {isa = PBXBuildFile; fileRef = 1B9C52C1ED55C5F77349A9FB /* FaceRegion.swift */; };
		1B9C5202763EA6EE4FB31C9A /* TimeOfDay.swift in Sources */ = {isa = PBXBuildFile; fileRef = 1B9C59B5059330F1D6E5C7E0 /* TimeOfDay.swift */; };
		1B9C522291AB526BC943D998 /* RecordingLessThanTests.swift in Sources */ = {isa = PBXBuildFile; fileRef = 1B9C59E9E166D07EDC11C294 /* RecordingLessThanTests.swift */; };
		1B9C529D1F6877DDC83E9BFA /* RecordingToJsonTests.swift in Sources */ = {isa = PBXBuildFile; fileRef = 1B9C57A65871DE5AF972DD5D /* RecordingToJsonTests.swift */; };
		1B9C53A9FA73E75A29CBC3D9 /* FeedbackModal.swift in Sources */ = {isa = PBXBuildFile; fileRef = 1B9C5BF899437DEB8E0EE090 /* FeedbackModal.swift */; };
		1B9C53C49A7DC93C4522F103 /* FaceRegionSpotCountGroup.swift in Sources */ = {isa = PBXBuildFile; fileRef = 1B9C510934421AF68EF9BAF6 /* FaceRegionSpotCountGroup.swift */; };
		1B9C54968C6D6224044C912D /* TabbedView.swift in Sources */ = {isa = PBXBuildFile; fileRef = 1B9C53A262ECA94894B87166 /* TabbedView.swift */; };
		1B9C54A630C304DA942E7794 /* AddRecordingFloatingActionButton.swift in Sources */ = {isa = PBXBuildFile; fileRef = 1B9C540D8E7A51C6A28C7046 /* AddRecordingFloatingActionButton.swift */; };
		1B9C5508D9C19AC3C2AA7728 /* DateRangeLengthDescriptionTests.swift in Sources */ = {isa = PBXBuildFile; fileRef = 1B9C551D2AC6ADA635DEF1E4 /* DateRangeLengthDescriptionTests.swift */; };
		1B9C550DF791D4A957CC1DAB /* TimeOfDayToggle.swift in Sources */ = {isa = PBXBuildFile; fileRef = 1B9C57E7783B79690A4D6573 /* TimeOfDayToggle.swift */; };
		1B9C5595117FC10898B6BF6E /* YourRecordingsListView.swift in Sources */ = {isa = PBXBuildFile; fileRef = 1B9C52F9AD1F4A6E642E1AB7 /* YourRecordingsListView.swift */; };
		1B9C56E7188685973886EBFD /* YourRecordingsListHeader.swift in Sources */ = {isa = PBXBuildFile; fileRef = 1B9C5FBBB71FCC7E41E0D881 /* YourRecordingsListHeader.swift */; };
		1B9C576FC9D66BD41EA5B8F5 /* DashboardTabbedView.swift in Sources */ = {isa = PBXBuildFile; fileRef = 1B9C50734FD2384D8B7B4AF8 /* DashboardTabbedView.swift */; };
		1B9C57C994F163DA93101740 /* AllTimeProgressDataView.swift in Sources */ = {isa = PBXBuildFile; fileRef = 1B9C5F978515BADCE4F6E651 /* AllTimeProgressDataView.swift */; };
		1B9C588F62E88DA3128CED07 /* RegionalSpotCount.swift in Sources */ = {isa = PBXBuildFile; fileRef = 1B9C5C52F11A9DEE5182CD08 /* RegionalSpotCount.swift */; };
		1B9C59D85F0AB7E6F7179E45 /* RecordingIsForTests.swift in Sources */ = {isa = PBXBuildFile; fileRef = 1B9C52AFF554CCB28DC5A8CC /* RecordingIsForTests.swift */; };
		1B9C5A516847719E1A37A296 /* NotificationsModal.swift in Sources */ = {isa = PBXBuildFile; fileRef = 1B9C5DA8A499F52C6698D677 /* NotificationsModal.swift */; };
		1B9C5B3FF03615AE28F4F0C8 /* hideKeyboard.swift in Sources */ = {isa = PBXBuildFile; fileRef = 1B9C5448D870B5D3D85461CD /* hideKeyboard.swift */; };
		1B9C5CA6BDD20A8DC15DB239 /* RecordTabbedView.swift in Sources */ = {isa = PBXBuildFile; fileRef = 1B9C5F6466ACBE2909042048 /* RecordTabbedView.swift */; };
		1B9C5D45C2C5694A631F985D /* ReminderNotificationScheduler.swift in Sources */ = {isa = PBXBuildFile; fileRef = 1B9C55479508AA4E2DAA30D1 /* ReminderNotificationScheduler.swift */; };
		1B9C5E274518ECA0E2021F93 /* TabHeader.swift in Sources */ = {isa = PBXBuildFile; fileRef = 1B9C593352F029084B32DD55 /* TabHeader.swift */; };
		1B9C5EB161063F2BAA1367F2 /* Recording.swift in Sources */ = {isa = PBXBuildFile; fileRef = 1B9C53AA81780815A3FDEE84 /* Recording.swift */; };
		1B9C5F074013802781D8AB36 /* AppAnalytics.swift in Sources */ = {isa = PBXBuildFile; fileRef = 1B9C5A2C3EA5C623CA5FDFE6 /* AppAnalytics.swift */; };
		1B9C5F7723F95FD5A789E186 /* ExportRecordingsButton.swift in Sources */ = {isa = PBXBuildFile; fileRef = 1B9C531C60E59F6A394A77E2 /* ExportRecordingsButton.swift */; };
		D42CC5DA26457D7F00BBAD0D /* SwiftDate in Frameworks */ = {isa = PBXBuildFile; productRef = D42CC5D926457D7F00BBAD0D /* SwiftDate */; };
		D42CC5DC26457D7F00BBAD0D /* SwiftDateStatic in Frameworks */ = {isa = PBXBuildFile; productRef = D42CC5DB26457D7F00BBAD0D /* SwiftDateStatic */; };
		D42CC5E126494F4000BBAD0D /* SwiftUICharts in Frameworks */ = {isa = PBXBuildFile; productRef = D42CC5E026494F4000BBAD0D /* SwiftUICharts */; };
		D452D146264FFB7900B210E7 /* AppCenterDistribute in Frameworks */ = {isa = PBXBuildFile; productRef = D452D145264FFB7900B210E7 /* AppCenterDistribute */; };
		D452D148264FFB7900B210E7 /* AppCenterCrashes in Frameworks */ = {isa = PBXBuildFile; productRef = D452D147264FFB7900B210E7 /* AppCenterCrashes */; };
		D452D14A264FFB7900B210E7 /* AppCenterAnalytics in Frameworks */ = {isa = PBXBuildFile; productRef = D452D149264FFB7900B210E7 /* AppCenterAnalytics */; };
		D4E5DE5726436DDB00FB44BA /* Realm in Frameworks */ = {isa = PBXBuildFile; productRef = D4E5DE5626436DDB00FB44BA /* Realm */; };
		D4E5DE5926436DDB00FB44BA /* RealmSwift in Frameworks */ = {isa = PBXBuildFile; productRef = D4E5DE5826436DDB00FB44BA /* RealmSwift */; };
		D4F4408C2635621B00B85A1B /* skintrackerApp.swift in Sources */ = {isa = PBXBuildFile; fileRef = D4F4408B2635621B00B85A1B /* skintrackerApp.swift */; };
		D4F4408E2635621B00B85A1B /* MainView.swift in Sources */ = {isa = PBXBuildFile; fileRef = D4F4408D2635621B00B85A1B /* MainView.swift */; };
		D4F440902635621C00B85A1B /* Assets.xcassets in Resources */ = {isa = PBXBuildFile; fileRef = D4F4408F2635621C00B85A1B /* Assets.xcassets */; };
		D4F440932635621C00B85A1B /* Preview Assets.xcassets in Resources */ = {isa = PBXBuildFile; fileRef = D4F440922635621C00B85A1B /* Preview Assets.xcassets */; };
		D4F4409E2635621C00B85A1B /* skintrackerTests.swift in Sources */ = {isa = PBXBuildFile; fileRef = D4F4409D2635621C00B85A1B /* skintrackerTests.swift */; };
		D4F440A92635621C00B85A1B /* skintrackerUITests.swift in Sources */ = {isa = PBXBuildFile; fileRef = D4F440A82635621C00B85A1B /* skintrackerUITests.swift */; };
/* End PBXBuildFile section */

/* Begin PBXContainerItemProxy section */
		D4F4409A2635621C00B85A1B /* PBXContainerItemProxy */ = {
			isa = PBXContainerItemProxy;
			containerPortal = D4F440802635621A00B85A1B /* Project object */;
			proxyType = 1;
			remoteGlobalIDString = D4F440872635621B00B85A1B;
			remoteInfo = skintracker;
		};
		D4F440A52635621C00B85A1B /* PBXContainerItemProxy */ = {
			isa = PBXContainerItemProxy;
			containerPortal = D4F440802635621A00B85A1B /* Project object */;
			proxyType = 1;
			remoteGlobalIDString = D4F440872635621B00B85A1B;
			remoteInfo = skintracker;
		};
/* End PBXContainerItemProxy section */

/* Begin PBXFileReference section */
		1B9C50734FD2384D8B7B4AF8 /* DashboardTabbedView.swift */ = {isa = PBXFileReference; fileEncoding = 4; lastKnownFileType = sourcecode.swift; path = DashboardTabbedView.swift; sourceTree = "<group>"; };
		1B9C510934421AF68EF9BAF6 /* FaceRegionSpotCountGroup.swift */ = {isa = PBXFileReference; fileEncoding = 4; lastKnownFileType = sourcecode.swift; path = FaceRegionSpotCountGroup.swift; sourceTree = "<group>"; };
		1B9C52AFF554CCB28DC5A8CC /* RecordingIsForTests.swift */ = {isa = PBXFileReference; fileEncoding = 4; lastKnownFileType = sourcecode.swift; path = RecordingIsForTests.swift; sourceTree = "<group>"; };
		1B9C52C1ED55C5F77349A9FB /* FaceRegion.swift */ = {isa = PBXFileReference; fileEncoding = 4; lastKnownFileType = sourcecode.swift; path = FaceRegion.swift; sourceTree = "<group>"; };
		1B9C52F9AD1F4A6E642E1AB7 /* YourRecordingsListView.swift */ = {isa = PBXFileReference; fileEncoding = 4; lastKnownFileType = sourcecode.swift; path = YourRecordingsListView.swift; sourceTree = "<group>"; };
		1B9C531C60E59F6A394A77E2 /* ExportRecordingsButton.swift */ = {isa = PBXFileReference; fileEncoding = 4; lastKnownFileType = sourcecode.swift; path = ExportRecordingsButton.swift; sourceTree = "<group>"; };
		1B9C53A262ECA94894B87166 /* TabbedView.swift */ = {isa = PBXFileReference; fileEncoding = 4; lastKnownFileType = sourcecode.swift; path = TabbedView.swift; sourceTree = "<group>"; };
		1B9C53AA81780815A3FDEE84 /* Recording.swift */ = {isa = PBXFileReference; fileEncoding = 4; lastKnownFileType = sourcecode.swift; path = Recording.swift; sourceTree = "<group>"; };
		1B9C540D8E7A51C6A28C7046 /* AddRecordingFloatingActionButton.swift */ = {isa = PBXFileReference; fileEncoding = 4; lastKnownFileType = sourcecode.swift; path = AddRecordingFloatingActionButton.swift; sourceTree = "<group>"; };
		1B9C5448D870B5D3D85461CD /* hideKeyboard.swift */ = {isa = PBXFileReference; fileEncoding = 4; lastKnownFileType = sourcecode.swift; path = hideKeyboard.swift; sourceTree = "<group>"; };
		1B9C551D2AC6ADA635DEF1E4 /* DateRangeLengthDescriptionTests.swift */ = {isa = PBXFileReference; fileEncoding = 4; lastKnownFileType = sourcecode.swift; path = DateRangeLengthDescriptionTests.swift; sourceTree = "<group>"; };
		1B9C55479508AA4E2DAA30D1 /* ReminderNotificationScheduler.swift */ = {isa = PBXFileReference; fileEncoding = 4; lastKnownFileType = sourcecode.swift; path = ReminderNotificationScheduler.swift; sourceTree = "<group>"; };
		1B9C55B5F8DA369061145FB5 /* ImportRecordingsButton.swift */ = {isa = PBXFileReference; fileEncoding = 4; lastKnownFileType = sourcecode.swift; path = ImportRecordingsButton.swift; sourceTree = "<group>"; };
		1B9C5761EF0B2CFB776D0C2C /* RecordingStorage.swift */ = {isa = PBXFileReference; fileEncoding = 4; lastKnownFileType = sourcecode.swift; path = RecordingStorage.swift; sourceTree = "<group>"; };
		1B9C57A65871DE5AF972DD5D /* RecordingToJsonTests.swift */ = {isa = PBXFileReference; fileEncoding = 4; lastKnownFileType = sourcecode.swift; path = RecordingToJsonTests.swift; sourceTree = "<group>"; };
		1B9C57E7783B79690A4D6573 /* TimeOfDayToggle.swift */ = {isa = PBXFileReference; fileEncoding = 4; lastKnownFileType = sourcecode.swift; path = TimeOfDayToggle.swift; sourceTree = "<group>"; };
		1B9C59196EC3AD3DA7A1FFAD /* UserActivationDemoView.swift */ = {isa = PBXFileReference; fileEncoding = 4; lastKnownFileType = sourcecode.swift; path = UserActivationDemoView.swift; sourceTree = "<group>"; };
		1B9C593352F029084B32DD55 /* TabHeader.swift */ = {isa = PBXFileReference; fileEncoding = 4; lastKnownFileType = sourcecode.swift; path = TabHeader.swift; sourceTree = "<group>"; };
		1B9C59B5059330F1D6E5C7E0 /* TimeOfDay.swift */ = {isa = PBXFileReference; fileEncoding = 4; lastKnownFileType = sourcecode.swift; path = TimeOfDay.swift; sourceTree = "<group>"; };
		1B9C59E9E166D07EDC11C294 /* RecordingLessThanTests.swift */ = {isa = PBXFileReference; fileEncoding = 4; lastKnownFileType = sourcecode.swift; path = RecordingLessThanTests.swift; sourceTree = "<group>"; };
		1B9C5A2C3EA5C623CA5FDFE6 /* AppAnalytics.swift */ = {isa = PBXFileReference; fileEncoding = 4; lastKnownFileType = sourcecode.swift; path = AppAnalytics.swift; sourceTree = "<group>"; };
		1B9C5BF899437DEB8E0EE090 /* FeedbackModal.swift */ = {isa = PBXFileReference; fileEncoding = 4; lastKnownFileType = sourcecode.swift; path = FeedbackModal.swift; sourceTree = "<group>"; };
		1B9C5C52F11A9DEE5182CD08 /* RegionalSpotCount.swift */ = {isa = PBXFileReference; fileEncoding = 4; lastKnownFileType = sourcecode.swift; path = RegionalSpotCount.swift; sourceTree = "<group>"; };
		1B9C5DA8A499F52C6698D677 /* NotificationsModal.swift */ = {isa = PBXFileReference; fileEncoding = 4; lastKnownFileType = sourcecode.swift; path = NotificationsModal.swift; sourceTree = "<group>"; };
		1B9C5F6466ACBE2909042048 /* RecordTabbedView.swift */ = {isa = PBXFileReference; fileEncoding = 4; lastKnownFileType = sourcecode.swift; path = RecordTabbedView.swift; sourceTree = "<group>"; };
		1B9C5F978515BADCE4F6E651 /* AllTimeProgressDataView.swift */ = {isa = PBXFileReference; fileEncoding = 4; lastKnownFileType = sourcecode.swift; path = AllTimeProgressDataView.swift; sourceTree = "<group>"; };
		1B9C5FBBB71FCC7E41E0D881 /* YourRecordingsListHeader.swift */ = {isa = PBXFileReference; fileEncoding = 4; lastKnownFileType = sourcecode.swift; path = YourRecordingsListHeader.swift; sourceTree = "<group>"; };
		D4F440882635621B00B85A1B /* skintracker.app */ = {isa = PBXFileReference; explicitFileType = wrapper.application; includeInIndex = 0; path = skintracker.app; sourceTree = BUILT_PRODUCTS_DIR; };
		D4F4408B2635621B00B85A1B /* skintrackerApp.swift */ = {isa = PBXFileReference; lastKnownFileType = sourcecode.swift; path = skintrackerApp.swift; sourceTree = "<group>"; };
		D4F4408D2635621B00B85A1B /* MainView.swift */ = {isa = PBXFileReference; lastKnownFileType = sourcecode.swift; path = MainView.swift; sourceTree = "<group>"; };
		D4F4408F2635621C00B85A1B /* Assets.xcassets */ = {isa = PBXFileReference; lastKnownFileType = folder.assetcatalog; path = Assets.xcassets; sourceTree = "<group>"; };
		D4F440922635621C00B85A1B /* Preview Assets.xcassets */ = {isa = PBXFileReference; lastKnownFileType = folder.assetcatalog; path = "Preview Assets.xcassets"; sourceTree = "<group>"; };
		D4F440942635621C00B85A1B /* Info.plist */ = {isa = PBXFileReference; lastKnownFileType = text.plist.xml; path = Info.plist; sourceTree = "<group>"; };
		D4F440992635621C00B85A1B /* skintrackerTests.xctest */ = {isa = PBXFileReference; explicitFileType = wrapper.cfbundle; includeInIndex = 0; path = skintrackerTests.xctest; sourceTree = BUILT_PRODUCTS_DIR; };
		D4F4409D2635621C00B85A1B /* skintrackerTests.swift */ = {isa = PBXFileReference; lastKnownFileType = sourcecode.swift; path = skintrackerTests.swift; sourceTree = "<group>"; };
		D4F4409F2635621C00B85A1B /* Info.plist */ = {isa = PBXFileReference; lastKnownFileType = text.plist.xml; path = Info.plist; sourceTree = "<group>"; };
		D4F440A42635621C00B85A1B /* skintrackerUITests.xctest */ = {isa = PBXFileReference; explicitFileType = wrapper.cfbundle; includeInIndex = 0; path = skintrackerUITests.xctest; sourceTree = BUILT_PRODUCTS_DIR; };
		D4F440A82635621C00B85A1B /* skintrackerUITests.swift */ = {isa = PBXFileReference; lastKnownFileType = sourcecode.swift; path = skintrackerUITests.swift; sourceTree = "<group>"; };
		D4F440AA2635621C00B85A1B /* Info.plist */ = {isa = PBXFileReference; lastKnownFileType = text.plist.xml; path = Info.plist; sourceTree = "<group>"; };
/* End PBXFileReference section */

/* Begin PBXFrameworksBuildPhase section */
		D4F440852635621B00B85A1B /* Frameworks */ = {
			isa = PBXFrameworksBuildPhase;
			buildActionMask = 2147483647;
			files = (
				D4E5DE5926436DDB00FB44BA /* RealmSwift in Frameworks */,
				D4E5DE5726436DDB00FB44BA /* Realm in Frameworks */,
				D452D146264FFB7900B210E7 /* AppCenterDistribute in Frameworks */,
				D42CC5DC26457D7F00BBAD0D /* SwiftDateStatic in Frameworks */,
				D452D14A264FFB7900B210E7 /* AppCenterAnalytics in Frameworks */,
				D42CC5DA26457D7F00BBAD0D /* SwiftDate in Frameworks */,
				D42CC5E126494F4000BBAD0D /* SwiftUICharts in Frameworks */,
				D452D148264FFB7900B210E7 /* AppCenterCrashes in Frameworks */,
			);
			runOnlyForDeploymentPostprocessing = 0;
		};
		D4F440962635621C00B85A1B /* Frameworks */ = {
			isa = PBXFrameworksBuildPhase;
			buildActionMask = 2147483647;
			files = (
			);
			runOnlyForDeploymentPostprocessing = 0;
		};
		D4F440A12635621C00B85A1B /* Frameworks */ = {
			isa = PBXFrameworksBuildPhase;
			buildActionMask = 2147483647;
			files = (
			);
			runOnlyForDeploymentPostprocessing = 0;
		};
/* End PBXFrameworksBuildPhase section */

/* Begin PBXGroup section */
		1B9C51664D0D12F26BCFF420 /* your_recordings */ = {
			isa = PBXGroup;
			children = (
				1B9C531C60E59F6A394A77E2 /* ExportRecordingsButton.swift */,
				1B9C55B5F8DA369061145FB5 /* ImportRecordingsButton.swift */,
				1B9C52F9AD1F4A6E642E1AB7 /* YourRecordingsListView.swift */,
				1B9C5FBBB71FCC7E41E0D881 /* YourRecordingsListHeader.swift */,
				1B9C540D8E7A51C6A28C7046 /* AddRecordingFloatingActionButton.swift */,
			);
			path = your_recordings;
			sourceTree = "<group>";
		};
		1B9C56D3607E509136C02655 /* recording */ = {
			isa = PBXGroup;
			children = (
				1B9C5761EF0B2CFB776D0C2C /* RecordingStorage.swift */,
				1B9C53AA81780815A3FDEE84 /* Recording.swift */,
				1B9C52C1ED55C5F77349A9FB /* FaceRegion.swift */,
				1B9C59B5059330F1D6E5C7E0 /* TimeOfDay.swift */,
				1B9C5C52F11A9DEE5182CD08 /* RegionalSpotCount.swift */,
			);
			path = recording;
			sourceTree = "<group>";
		};
		1B9C57C0CB11C1AF33845C54 /* dashboard */ = {
			isa = PBXGroup;
			children = (
				1B9C50734FD2384D8B7B4AF8 /* DashboardTabbedView.swift */,
				1B9C5F978515BADCE4F6E651 /* AllTimeProgressDataView.swift */,
				1B9C51664D0D12F26BCFF420 /* your_recordings */,
				1B9C59196EC3AD3DA7A1FFAD /* UserActivationDemoView.swift */,
			);
			path = dashboard;
			sourceTree = "<group>";
		};
		1B9C593E7BCA12EB9718C330 /* recording */ = {
			isa = PBXGroup;
			children = (
				1B9C52AFF554CCB28DC5A8CC /* RecordingIsForTests.swift */,
				1B9C59E9E166D07EDC11C294 /* RecordingLessThanTests.swift */,
				1B9C57A65871DE5AF972DD5D /* RecordingToJsonTests.swift */,
			);
			path = recording;
			sourceTree = "<group>";
		};
		1B9C5AB1A73548E153B4BE17 /* dashboard */ = {
			isa = PBXGroup;
			children = (
				1B9C551D2AC6ADA635DEF1E4 /* DateRangeLengthDescriptionTests.swift */,
			);
			path = dashboard;
			sourceTree = "<group>";
		};
		1B9C5E65B3A26C4DB8C3A8FA /* tab */ = {
			isa = PBXGroup;
			children = (
				1B9C53A262ECA94894B87166 /* TabbedView.swift */,
				1B9C593352F029084B32DD55 /* TabHeader.swift */,
				1B9C5BF899437DEB8E0EE090 /* FeedbackModal.swift */,
				1B9C5DA8A499F52C6698D677 /* NotificationsModal.swift */,
				1B9C55479508AA4E2DAA30D1 /* ReminderNotificationScheduler.swift */,
			);
			path = tab;
			sourceTree = "<group>";
		};
		D44C092F263EA2A100DBD819 /* record */ = {
			isa = PBXGroup;
			children = (
				1B9C5F6466ACBE2909042048 /* RecordTabbedView.swift */,
				1B9C57E7783B79690A4D6573 /* TimeOfDayToggle.swift */,
				1B9C510934421AF68EF9BAF6 /* FaceRegionSpotCountGroup.swift */,
			);
			path = record;
			sourceTree = "<group>";
		};
		D4F4407F2635621A00B85A1B = {
			isa = PBXGroup;
			children = (
				D4F4408A2635621B00B85A1B /* skintracker */,
				D4F4409C2635621C00B85A1B /* skintrackerTests */,
				D4F440A72635621C00B85A1B /* skintrackerUITests */,
				D4F440892635621B00B85A1B /* Products */,
			);
			sourceTree = "<group>";
		};
		D4F440892635621B00B85A1B /* Products */ = {
			isa = PBXGroup;
			children = (
				D4F440882635621B00B85A1B /* skintracker.app */,
				D4F440992635621C00B85A1B /* skintrackerTests.xctest */,
				D4F440A42635621C00B85A1B /* skintrackerUITests.xctest */,
			);
			name = Products;
			sourceTree = "<group>";
		};
		D4F4408A2635621B00B85A1B /* skintracker */ = {
			isa = PBXGroup;
			children = (
				D44C092F263EA2A100DBD819 /* record */,
				D4F4408B2635621B00B85A1B /* skintrackerApp.swift */,
				D4F4408D2635621B00B85A1B /* MainView.swift */,
				D4F4408F2635621C00B85A1B /* Assets.xcassets */,
				D4F440942635621C00B85A1B /* Info.plist */,
				D4F440912635621C00B85A1B /* Preview Content */,
				1B9C5448D870B5D3D85461CD /* hideKeyboard.swift */,
				1B9C57C0CB11C1AF33845C54 /* dashboard */,
				1B9C56D3607E509136C02655 /* recording */,
				1B9C5E65B3A26C4DB8C3A8FA /* tab */,
				1B9C5A2C3EA5C623CA5FDFE6 /* AppAnalytics.swift */,
			);
			path = skintracker;
			sourceTree = "<group>";
		};
		D4F440912635621C00B85A1B /* Preview Content */ = {
			isa = PBXGroup;
			children = (
				D4F440922635621C00B85A1B /* Preview Assets.xcassets */,
			);
			path = "Preview Content";
			sourceTree = "<group>";
		};
		D4F4409C2635621C00B85A1B /* skintrackerTests */ = {
			isa = PBXGroup;
			children = (
				D4F4409D2635621C00B85A1B /* skintrackerTests.swift */,
				D4F4409F2635621C00B85A1B /* Info.plist */,
				1B9C593E7BCA12EB9718C330 /* recording */,
				1B9C5AB1A73548E153B4BE17 /* dashboard */,
			);
			path = skintrackerTests;
			sourceTree = "<group>";
		};
		D4F440A72635621C00B85A1B /* skintrackerUITests */ = {
			isa = PBXGroup;
			children = (
				D4F440A82635621C00B85A1B /* skintrackerUITests.swift */,
				D4F440AA2635621C00B85A1B /* Info.plist */,
			);
			path = skintrackerUITests;
			sourceTree = "<group>";
		};
/* End PBXGroup section */

/* Begin PBXNativeTarget section */
		D4F440872635621B00B85A1B /* skintracker */ = {
			isa = PBXNativeTarget;
			buildConfigurationList = D4F440AD2635621C00B85A1B /* Build configuration list for PBXNativeTarget "skintracker" */;
			buildPhases = (
				D4F440842635621B00B85A1B /* Sources */,
				D4F440852635621B00B85A1B /* Frameworks */,
				D4F440862635621B00B85A1B /* Resources */,
			);
			buildRules = (
			);
			dependencies = (
			);
			name = skintracker;
			packageProductDependencies = (
				D4E5DE5626436DDB00FB44BA /* Realm */,
				D4E5DE5826436DDB00FB44BA /* RealmSwift */,
				D42CC5D926457D7F00BBAD0D /* SwiftDate */,
				D42CC5DB26457D7F00BBAD0D /* SwiftDateStatic */,
				D42CC5E026494F4000BBAD0D /* SwiftUICharts */,
				D452D145264FFB7900B210E7 /* AppCenterDistribute */,
				D452D147264FFB7900B210E7 /* AppCenterCrashes */,
				D452D149264FFB7900B210E7 /* AppCenterAnalytics */,
			);
			productName = skintracker;
			productReference = D4F440882635621B00B85A1B /* skintracker.app */;
			productType = "com.apple.product-type.application";
		};
		D4F440982635621C00B85A1B /* skintrackerTests */ = {
			isa = PBXNativeTarget;
			buildConfigurationList = D4F440B02635621C00B85A1B /* Build configuration list for PBXNativeTarget "skintrackerTests" */;
			buildPhases = (
				D4F440952635621C00B85A1B /* Sources */,
				D4F440962635621C00B85A1B /* Frameworks */,
				D4F440972635621C00B85A1B /* Resources */,
			);
			buildRules = (
			);
			dependencies = (
				D4F4409B2635621C00B85A1B /* PBXTargetDependency */,
			);
			name = skintrackerTests;
			productName = skintrackerTests;
			productReference = D4F440992635621C00B85A1B /* skintrackerTests.xctest */;
			productType = "com.apple.product-type.bundle.unit-test";
		};
		D4F440A32635621C00B85A1B /* skintrackerUITests */ = {
			isa = PBXNativeTarget;
			buildConfigurationList = D4F440B32635621C00B85A1B /* Build configuration list for PBXNativeTarget "skintrackerUITests" */;
			buildPhases = (
				D4F440A02635621C00B85A1B /* Sources */,
				D4F440A12635621C00B85A1B /* Frameworks */,
				D4F440A22635621C00B85A1B /* Resources */,
			);
			buildRules = (
			);
			dependencies = (
				D4F440A62635621C00B85A1B /* PBXTargetDependency */,
			);
			name = skintrackerUITests;
			productName = skintrackerUITests;
			productReference = D4F440A42635621C00B85A1B /* skintrackerUITests.xctest */;
			productType = "com.apple.product-type.bundle.ui-testing";
		};
/* End PBXNativeTarget section */

/* Begin PBXProject section */
		D4F440802635621A00B85A1B /* Project object */ = {
			isa = PBXProject;
			attributes = {
				LastSwiftUpdateCheck = 1240;
				LastUpgradeCheck = 1240;
				TargetAttributes = {
					D4F440872635621B00B85A1B = {
						CreatedOnToolsVersion = 12.4;
					};
					D4F440982635621C00B85A1B = {
						CreatedOnToolsVersion = 12.4;
						TestTargetID = D4F440872635621B00B85A1B;
					};
					D4F440A32635621C00B85A1B = {
						CreatedOnToolsVersion = 12.4;
						TestTargetID = D4F440872635621B00B85A1B;
					};
				};
			};
			buildConfigurationList = D4F440832635621B00B85A1B /* Build configuration list for PBXProject "skintracker" */;
			compatibilityVersion = "Xcode 9.3";
			developmentRegion = en;
			hasScannedForEncodings = 0;
			knownRegions = (
				en,
				Base,
			);
			mainGroup = D4F4407F2635621A00B85A1B;
			packageReferences = (
				D4E5DE5526436DDB00FB44BA /* XCRemoteSwiftPackageReference "realm-cocoa.git" */,
				D42CC5D826457D7F00BBAD0D /* XCRemoteSwiftPackageReference "SwiftDate" */,
				D42CC5DF26494F4000BBAD0D /* XCRemoteSwiftPackageReference "ChartView" */,
				D452D144264FFB7900B210E7 /* XCRemoteSwiftPackageReference "appcenter-sdk-apple.git" */,
			);
			productRefGroup = D4F440892635621B00B85A1B /* Products */;
			projectDirPath = "";
			projectRoot = "";
			targets = (
				D4F440872635621B00B85A1B /* skintracker */,
				D4F440982635621C00B85A1B /* skintrackerTests */,
				D4F440A32635621C00B85A1B /* skintrackerUITests */,
			);
		};
/* End PBXProject section */

/* Begin PBXResourcesBuildPhase section */
		D4F440862635621B00B85A1B /* Resources */ = {
			isa = PBXResourcesBuildPhase;
			buildActionMask = 2147483647;
			files = (
				D4F440932635621C00B85A1B /* Preview Assets.xcassets in Resources */,
				D4F440902635621C00B85A1B /* Assets.xcassets in Resources */,
			);
			runOnlyForDeploymentPostprocessing = 0;
		};
		D4F440972635621C00B85A1B /* Resources */ = {
			isa = PBXResourcesBuildPhase;
			buildActionMask = 2147483647;
			files = (
			);
			runOnlyForDeploymentPostprocessing = 0;
		};
		D4F440A22635621C00B85A1B /* Resources */ = {
			isa = PBXResourcesBuildPhase;
			buildActionMask = 2147483647;
			files = (
			);
			runOnlyForDeploymentPostprocessing = 0;
		};
/* End PBXResourcesBuildPhase section */

/* Begin PBXSourcesBuildPhase section */
		D4F440842635621B00B85A1B /* Sources */ = {
			isa = PBXSourcesBuildPhase;
			buildActionMask = 2147483647;
			files = (
				D4F4408E2635621B00B85A1B /* MainView.swift in Sources */,
				D4F4408C2635621B00B85A1B /* skintrackerApp.swift in Sources */,
				1B9C5CA6BDD20A8DC15DB239 /* RecordTabbedView.swift in Sources */,
				1B9C550DF791D4A957CC1DAB /* TimeOfDayToggle.swift in Sources */,
				1B9C5B3FF03615AE28F4F0C8 /* hideKeyboard.swift in Sources */,
				1B9C53C49A7DC93C4522F103 /* FaceRegionSpotCountGroup.swift in Sources */,
				1B9C576FC9D66BD41EA5B8F5 /* DashboardTabbedView.swift in Sources */,
				1B9C504F84DEAFDC13EFDFE6 /* RecordingStorage.swift in Sources */,
				1B9C5EB161063F2BAA1367F2 /* Recording.swift in Sources */,
				1B9C518F2F23482594BCDF59 /* FaceRegion.swift in Sources */,
				1B9C5202763EA6EE4FB31C9A /* TimeOfDay.swift in Sources */,
				1B9C588F62E88DA3128CED07 /* RegionalSpotCount.swift in Sources */,
				1B9C54968C6D6224044C912D /* TabbedView.swift in Sources */,
				1B9C5E274518ECA0E2021F93 /* TabHeader.swift in Sources */,
				1B9C57C994F163DA93101740 /* AllTimeProgressDataView.swift in Sources */,
				1B9C5F7723F95FD5A789E186 /* ExportRecordingsButton.swift in Sources */,
				1B9C51503383B2C84146CC50 /* ImportRecordingsButton.swift in Sources */,
				1B9C5595117FC10898B6BF6E /* YourRecordingsListView.swift in Sources */,
				1B9C56E7188685973886EBFD /* YourRecordingsListHeader.swift in Sources */,
				1B9C54A630C304DA942E7794 /* AddRecordingFloatingActionButton.swift in Sources */,
				1B9C5177C2FF02D0179EE654 /* UserActivationDemoView.swift in Sources */,
				1B9C5F074013802781D8AB36 /* AppAnalytics.swift in Sources */,
				1B9C53A9FA73E75A29CBC3D9 /* FeedbackModal.swift in Sources */,
				1B9C5A516847719E1A37A296 /* NotificationsModal.swift in Sources */,
				1B9C5D45C2C5694A631F985D /* ReminderNotificationScheduler.swift in Sources */,
			);
			runOnlyForDeploymentPostprocessing = 0;
		};
		D4F440952635621C00B85A1B /* Sources */ = {
			isa = PBXSourcesBuildPhase;
			buildActionMask = 2147483647;
			files = (
				D4F4409E2635621C00B85A1B /* skintrackerTests.swift in Sources */,
				1B9C59D85F0AB7E6F7179E45 /* RecordingIsForTests.swift in Sources */,
				1B9C522291AB526BC943D998 /* RecordingLessThanTests.swift in Sources */,
				1B9C529D1F6877DDC83E9BFA /* RecordingToJsonTests.swift in Sources */,
				1B9C5508D9C19AC3C2AA7728 /* DateRangeLengthDescriptionTests.swift in Sources */,
			);
			runOnlyForDeploymentPostprocessing = 0;
		};
		D4F440A02635621C00B85A1B /* Sources */ = {
			isa = PBXSourcesBuildPhase;
			buildActionMask = 2147483647;
			files = (
				D4F440A92635621C00B85A1B /* skintrackerUITests.swift in Sources */,
			);
			runOnlyForDeploymentPostprocessing = 0;
		};
/* End PBXSourcesBuildPhase section */

/* Begin PBXTargetDependency section */
		D4F4409B2635621C00B85A1B /* PBXTargetDependency */ = {
			isa = PBXTargetDependency;
			target = D4F440872635621B00B85A1B /* skintracker */;
			targetProxy = D4F4409A2635621C00B85A1B /* PBXContainerItemProxy */;
		};
		D4F440A62635621C00B85A1B /* PBXTargetDependency */ = {
			isa = PBXTargetDependency;
			target = D4F440872635621B00B85A1B /* skintracker */;
			targetProxy = D4F440A52635621C00B85A1B /* PBXContainerItemProxy */;
		};
/* End PBXTargetDependency section */

/* Begin XCBuildConfiguration section */
		D4F440AB2635621C00B85A1B /* Debug */ = {
			isa = XCBuildConfiguration;
			buildSettings = {
				ALWAYS_SEARCH_USER_PATHS = NO;
				CLANG_ANALYZER_NONNULL = YES;
				CLANG_ANALYZER_NUMBER_OBJECT_CONVERSION = YES_AGGRESSIVE;
				CLANG_CXX_LANGUAGE_STANDARD = "gnu++14";
				CLANG_CXX_LIBRARY = "libc++";
				CLANG_ENABLE_MODULES = YES;
				CLANG_ENABLE_OBJC_ARC = YES;
				CLANG_ENABLE_OBJC_WEAK = YES;
				CLANG_WARN_BLOCK_CAPTURE_AUTORELEASING = YES;
				CLANG_WARN_BOOL_CONVERSION = YES;
				CLANG_WARN_COMMA = YES;
				CLANG_WARN_CONSTANT_CONVERSION = YES;
				CLANG_WARN_DEPRECATED_OBJC_IMPLEMENTATIONS = YES;
				CLANG_WARN_DIRECT_OBJC_ISA_USAGE = YES_ERROR;
				CLANG_WARN_DOCUMENTATION_COMMENTS = YES;
				CLANG_WARN_EMPTY_BODY = YES;
				CLANG_WARN_ENUM_CONVERSION = YES;
				CLANG_WARN_INFINITE_RECURSION = YES;
				CLANG_WARN_INT_CONVERSION = YES;
				CLANG_WARN_NON_LITERAL_NULL_CONVERSION = YES;
				CLANG_WARN_OBJC_IMPLICIT_RETAIN_SELF = YES;
				CLANG_WARN_OBJC_LITERAL_CONVERSION = YES;
				CLANG_WARN_OBJC_ROOT_CLASS = YES_ERROR;
				CLANG_WARN_QUOTED_INCLUDE_IN_FRAMEWORK_HEADER = YES;
				CLANG_WARN_RANGE_LOOP_ANALYSIS = YES;
				CLANG_WARN_STRICT_PROTOTYPES = YES;
				CLANG_WARN_SUSPICIOUS_MOVE = YES;
				CLANG_WARN_UNGUARDED_AVAILABILITY = YES_AGGRESSIVE;
				CLANG_WARN_UNREACHABLE_CODE = YES;
				CLANG_WARN__DUPLICATE_METHOD_MATCH = YES;
				COPY_PHASE_STRIP = NO;
				DEBUG_INFORMATION_FORMAT = dwarf;
				ENABLE_STRICT_OBJC_MSGSEND = YES;
				ENABLE_TESTABILITY = YES;
				GCC_C_LANGUAGE_STANDARD = gnu11;
				GCC_DYNAMIC_NO_PIC = NO;
				GCC_NO_COMMON_BLOCKS = YES;
				GCC_OPTIMIZATION_LEVEL = 0;
				GCC_PREPROCESSOR_DEFINITIONS = (
					"DEBUG=1",
					"$(inherited)",
				);
				GCC_WARN_64_TO_32_BIT_CONVERSION = YES;
				GCC_WARN_ABOUT_RETURN_TYPE = YES_ERROR;
				GCC_WARN_UNDECLARED_SELECTOR = YES;
				GCC_WARN_UNINITIALIZED_AUTOS = YES_AGGRESSIVE;
				GCC_WARN_UNUSED_FUNCTION = YES;
				GCC_WARN_UNUSED_VARIABLE = YES;
				IPHONEOS_DEPLOYMENT_TARGET = 14.4;
				MTL_ENABLE_DEBUG_INFO = INCLUDE_SOURCE;
				MTL_FAST_MATH = YES;
				ONLY_ACTIVE_ARCH = YES;
				SDKROOT = iphoneos;
				SWIFT_ACTIVE_COMPILATION_CONDITIONS = DEBUG;
				SWIFT_OPTIMIZATION_LEVEL = "-Onone";
			};
			name = Debug;
		};
		D4F440AC2635621C00B85A1B /* Release */ = {
			isa = XCBuildConfiguration;
			buildSettings = {
				ALWAYS_SEARCH_USER_PATHS = NO;
				CLANG_ANALYZER_NONNULL = YES;
				CLANG_ANALYZER_NUMBER_OBJECT_CONVERSION = YES_AGGRESSIVE;
				CLANG_CXX_LANGUAGE_STANDARD = "gnu++14";
				CLANG_CXX_LIBRARY = "libc++";
				CLANG_ENABLE_MODULES = YES;
				CLANG_ENABLE_OBJC_ARC = YES;
				CLANG_ENABLE_OBJC_WEAK = YES;
				CLANG_WARN_BLOCK_CAPTURE_AUTORELEASING = YES;
				CLANG_WARN_BOOL_CONVERSION = YES;
				CLANG_WARN_COMMA = YES;
				CLANG_WARN_CONSTANT_CONVERSION = YES;
				CLANG_WARN_DEPRECATED_OBJC_IMPLEMENTATIONS = YES;
				CLANG_WARN_DIRECT_OBJC_ISA_USAGE = YES_ERROR;
				CLANG_WARN_DOCUMENTATION_COMMENTS = YES;
				CLANG_WARN_EMPTY_BODY = YES;
				CLANG_WARN_ENUM_CONVERSION = YES;
				CLANG_WARN_INFINITE_RECURSION = YES;
				CLANG_WARN_INT_CONVERSION = YES;
				CLANG_WARN_NON_LITERAL_NULL_CONVERSION = YES;
				CLANG_WARN_OBJC_IMPLICIT_RETAIN_SELF = YES;
				CLANG_WARN_OBJC_LITERAL_CONVERSION = YES;
				CLANG_WARN_OBJC_ROOT_CLASS = YES_ERROR;
				CLANG_WARN_QUOTED_INCLUDE_IN_FRAMEWORK_HEADER = YES;
				CLANG_WARN_RANGE_LOOP_ANALYSIS = YES;
				CLANG_WARN_STRICT_PROTOTYPES = YES;
				CLANG_WARN_SUSPICIOUS_MOVE = YES;
				CLANG_WARN_UNGUARDED_AVAILABILITY = YES_AGGRESSIVE;
				CLANG_WARN_UNREACHABLE_CODE = YES;
				CLANG_WARN__DUPLICATE_METHOD_MATCH = YES;
				COPY_PHASE_STRIP = NO;
				DEBUG_INFORMATION_FORMAT = "dwarf-with-dsym";
				ENABLE_NS_ASSERTIONS = NO;
				ENABLE_STRICT_OBJC_MSGSEND = YES;
				GCC_C_LANGUAGE_STANDARD = gnu11;
				GCC_NO_COMMON_BLOCKS = YES;
				GCC_WARN_64_TO_32_BIT_CONVERSION = YES;
				GCC_WARN_ABOUT_RETURN_TYPE = YES_ERROR;
				GCC_WARN_UNDECLARED_SELECTOR = YES;
				GCC_WARN_UNINITIALIZED_AUTOS = YES_AGGRESSIVE;
				GCC_WARN_UNUSED_FUNCTION = YES;
				GCC_WARN_UNUSED_VARIABLE = YES;
				IPHONEOS_DEPLOYMENT_TARGET = 14.4;
				MTL_ENABLE_DEBUG_INFO = NO;
				MTL_FAST_MATH = YES;
				SDKROOT = iphoneos;
				SWIFT_COMPILATION_MODE = wholemodule;
				SWIFT_OPTIMIZATION_LEVEL = "-O";
				VALIDATE_PRODUCT = YES;
			};
			name = Release;
		};
		D4F440AE2635621C00B85A1B /* Debug */ = {
			isa = XCBuildConfiguration;
			buildSettings = {
				ASSETCATALOG_COMPILER_APPICON_NAME = AppIcon;
				ASSETCATALOG_COMPILER_GLOBAL_ACCENT_COLOR_NAME = AccentColor;
				CODE_SIGN_STYLE = Automatic;
				DEVELOPMENT_ASSET_PATHS = "\"skintracker/Preview Content\"";
				DEVELOPMENT_TEAM = DUX784VA27;
				ENABLE_PREVIEWS = YES;
				INFOPLIST_FILE = skintracker/Info.plist;
				IPHONEOS_DEPLOYMENT_TARGET = 14.0;
				LD_RUNPATH_SEARCH_PATHS = (
					"$(inherited)",
					"@executable_path/Frameworks",
				);
				PRODUCT_BUNDLE_IDENTIFIER = com.rm.skintracker;
				PRODUCT_NAME = "$(TARGET_NAME)";
				SWIFT_VERSION = 5.0;
				TARGETED_DEVICE_FAMILY = "1,2";
			};
			name = Debug;
		};
		D4F440AF2635621C00B85A1B /* Release */ = {
			isa = XCBuildConfiguration;
			buildSettings = {
				ASSETCATALOG_COMPILER_APPICON_NAME = AppIcon;
				ASSETCATALOG_COMPILER_GLOBAL_ACCENT_COLOR_NAME = AccentColor;
				CODE_SIGN_STYLE = Automatic;
				DEVELOPMENT_ASSET_PATHS = "\"skintracker/Preview Content\"";
				DEVELOPMENT_TEAM = DUX784VA27;
				ENABLE_PREVIEWS = YES;
				INFOPLIST_FILE = skintracker/Info.plist;
				IPHONEOS_DEPLOYMENT_TARGET = 14.0;
				LD_RUNPATH_SEARCH_PATHS = (
					"$(inherited)",
					"@executable_path/Frameworks",
				);
				PRODUCT_BUNDLE_IDENTIFIER = com.rm.skintracker;
				PRODUCT_NAME = "$(TARGET_NAME)";
				SWIFT_VERSION = 5.0;
				TARGETED_DEVICE_FAMILY = "1,2";
			};
			name = Release;
		};
		D4F440B12635621C00B85A1B /* Debug */ = {
			isa = XCBuildConfiguration;
			buildSettings = {
				ALWAYS_EMBED_SWIFT_STANDARD_LIBRARIES = YES;
				BUNDLE_LOADER = "$(TEST_HOST)";
				CODE_SIGN_STYLE = Automatic;
				DEVELOPMENT_TEAM = DUX784VA27;
				INFOPLIST_FILE = skintrackerTests/Info.plist;
				IPHONEOS_DEPLOYMENT_TARGET = 14.0;
				LD_RUNPATH_SEARCH_PATHS = (
					"$(inherited)",
					"@executable_path/Frameworks",
					"@loader_path/Frameworks",
				);
				PRODUCT_BUNDLE_IDENTIFIER = com.rm.skintrackerTests;
				PRODUCT_NAME = "$(TARGET_NAME)";
				SWIFT_VERSION = 5.0;
				TARGETED_DEVICE_FAMILY = "1,2";
				TEST_HOST = "$(BUILT_PRODUCTS_DIR)/skintracker.app/skintracker";
			};
			name = Debug;
		};
		D4F440B22635621C00B85A1B /* Release */ = {
			isa = XCBuildConfiguration;
			buildSettings = {
				ALWAYS_EMBED_SWIFT_STANDARD_LIBRARIES = YES;
				BUNDLE_LOADER = "$(TEST_HOST)";
				CODE_SIGN_STYLE = Automatic;
				DEVELOPMENT_TEAM = DUX784VA27;
				INFOPLIST_FILE = skintrackerTests/Info.plist;
				IPHONEOS_DEPLOYMENT_TARGET = 14.0;
				LD_RUNPATH_SEARCH_PATHS = (
					"$(inherited)",
					"@executable_path/Frameworks",
					"@loader_path/Frameworks",
				);
				PRODUCT_BUNDLE_IDENTIFIER = com.rm.skintrackerTests;
				PRODUCT_NAME = "$(TARGET_NAME)";
				SWIFT_VERSION = 5.0;
				TARGETED_DEVICE_FAMILY = "1,2";
				TEST_HOST = "$(BUILT_PRODUCTS_DIR)/skintracker.app/skintracker";
			};
			name = Release;
		};
		D4F440B42635621C00B85A1B /* Debug */ = {
			isa = XCBuildConfiguration;
			buildSettings = {
				ALWAYS_EMBED_SWIFT_STANDARD_LIBRARIES = YES;
				CODE_SIGN_STYLE = Automatic;
				DEVELOPMENT_TEAM = DUX784VA27;
				INFOPLIST_FILE = skintrackerUITests/Info.plist;
				LD_RUNPATH_SEARCH_PATHS = (
					"$(inherited)",
					"@executable_path/Frameworks",
					"@loader_path/Frameworks",
				);
				PRODUCT_BUNDLE_IDENTIFIER = com.rm.skintrackerUITests;
				PRODUCT_NAME = "$(TARGET_NAME)";
				SWIFT_VERSION = 5.0;
				TARGETED_DEVICE_FAMILY = "1,2";
				TEST_TARGET_NAME = skintracker;
			};
			name = Debug;
		};
		D4F440B52635621C00B85A1B /* Release */ = {
			isa = XCBuildConfiguration;
			buildSettings = {
				ALWAYS_EMBED_SWIFT_STANDARD_LIBRARIES = YES;
				CODE_SIGN_STYLE = Automatic;
				DEVELOPMENT_TEAM = DUX784VA27;
				INFOPLIST_FILE = skintrackerUITests/Info.plist;
				LD_RUNPATH_SEARCH_PATHS = (
					"$(inherited)",
					"@executable_path/Frameworks",
					"@loader_path/Frameworks",
				);
				PRODUCT_BUNDLE_IDENTIFIER = com.rm.skintrackerUITests;
				PRODUCT_NAME = "$(TARGET_NAME)";
				SWIFT_VERSION = 5.0;
				TARGETED_DEVICE_FAMILY = "1,2";
				TEST_TARGET_NAME = skintracker;
			};
			name = Release;
		};
/* End XCBuildConfiguration section */

/* Begin XCConfigurationList section */
		D4F440832635621B00B85A1B /* Build configuration list for PBXProject "skintracker" */ = {
			isa = XCConfigurationList;
			buildConfigurations = (
				D4F440AB2635621C00B85A1B /* Debug */,
				D4F440AC2635621C00B85A1B /* Release */,
			);
			defaultConfigurationIsVisible = 0;
			defaultConfigurationName = Release;
		};
		D4F440AD2635621C00B85A1B /* Build configuration list for PBXNativeTarget "skintracker" */ = {
			isa = XCConfigurationList;
			buildConfigurations = (
				D4F440AE2635621C00B85A1B /* Debug */,
				D4F440AF2635621C00B85A1B /* Release */,
			);
			defaultConfigurationIsVisible = 0;
			defaultConfigurationName = Release;
		};
		D4F440B02635621C00B85A1B /* Build configuration list for PBXNativeTarget "skintrackerTests" */ = {
			isa = XCConfigurationList;
			buildConfigurations = (
				D4F440B12635621C00B85A1B /* Debug */,
				D4F440B22635621C00B85A1B /* Release */,
			);
			defaultConfigurationIsVisible = 0;
			defaultConfigurationName = Release;
		};
		D4F440B32635621C00B85A1B /* Build configuration list for PBXNativeTarget "skintrackerUITests" */ = {
			isa = XCConfigurationList;
			buildConfigurations = (
				D4F440B42635621C00B85A1B /* Debug */,
				D4F440B52635621C00B85A1B /* Release */,
			);
			defaultConfigurationIsVisible = 0;
			defaultConfigurationName = Release;
		};
/* End XCConfigurationList section */

/* Begin XCRemoteSwiftPackageReference section */
		D42CC5D826457D7F00BBAD0D /* XCRemoteSwiftPackageReference "SwiftDate" */ = {
			isa = XCRemoteSwiftPackageReference;
			repositoryURL = "https://github.com/malcommac/SwiftDate";
			requirement = {
				kind = upToNextMajorVersion;
				minimumVersion = 6.3.1;
			};
		};
		D42CC5DF26494F4000BBAD0D /* XCRemoteSwiftPackageReference "ChartView" */ = {
			isa = XCRemoteSwiftPackageReference;
			repositoryURL = "https://github.com/AppPear/ChartView";
			requirement = {
				kind = upToNextMajorVersion;
				minimumVersion = 1.5.5;
			};
		};
		D452D144264FFB7900B210E7 /* XCRemoteSwiftPackageReference "appcenter-sdk-apple.git" */ = {
			isa = XCRemoteSwiftPackageReference;
			repositoryURL = "https://github.com/microsoft/appcenter-sdk-apple.git";
			requirement = {
				kind = upToNextMajorVersion;
				minimumVersion = 4.1.1;
			};
		};
		D4E5DE5526436DDB00FB44BA /* XCRemoteSwiftPackageReference "realm-cocoa.git" */ = {
			isa = XCRemoteSwiftPackageReference;
			repositoryURL = "https://github.com/realm/realm-cocoa.git";
			requirement = {
				kind = upToNextMajorVersion;
				minimumVersion = 10.7.4;
			};
		};
/* End XCRemoteSwiftPackageReference section */

/* Begin XCSwiftPackageProductDependency section */
		D42CC5D926457D7F00BBAD0D /* SwiftDate */ = {
			isa = XCSwiftPackageProductDependency;
			package = D42CC5D826457D7F00BBAD0D /* XCRemoteSwiftPackageReference "SwiftDate" */;
			productName = SwiftDate;
		};
		D42CC5DB26457D7F00BBAD0D /* SwiftDateStatic */ = {
			isa = XCSwiftPackageProductDependency;
			package = D42CC5D826457D7F00BBAD0D /* XCRemoteSwiftPackageReference "SwiftDate" */;
			productName = SwiftDateStatic;
		};
		D42CC5E026494F4000BBAD0D /* SwiftUICharts */ = {
			isa = XCSwiftPackageProductDependency;
			package = D42CC5DF26494F4000BBAD0D /* XCRemoteSwiftPackageReference "ChartView" */;
			productName = SwiftUICharts;
		};
		D452D145264FFB7900B210E7 /* AppCenterDistribute */ = {
			isa = XCSwiftPackageProductDependency;
			package = D452D144264FFB7900B210E7 /* XCRemoteSwiftPackageReference "appcenter-sdk-apple.git" */;
			productName = AppCenterDistribute;
		};
		D452D147264FFB7900B210E7 /* AppCenterCrashes */ = {
			isa = XCSwiftPackageProductDependency;
			package = D452D144264FFB7900B210E7 /* XCRemoteSwiftPackageReference "appcenter-sdk-apple.git" */;
			productName = AppCenterCrashes;
		};
		D452D149264FFB7900B210E7 /* AppCenterAnalytics */ = {
			isa = XCSwiftPackageProductDependency;
			package = D452D144264FFB7900B210E7 /* XCRemoteSwiftPackageReference "appcenter-sdk-apple.git" */;
			productName = AppCenterAnalytics;
		};
		D4E5DE5626436DDB00FB44BA /* Realm */ = {
			isa = XCSwiftPackageProductDependency;
			package = D4E5DE5526436DDB00FB44BA /* XCRemoteSwiftPackageReference "realm-cocoa.git" */;
			productName = Realm;
		};
		D4E5DE5826436DDB00FB44BA /* RealmSwift */ = {
			isa = XCSwiftPackageProductDependency;
			package = D4E5DE5526436DDB00FB44BA /* XCRemoteSwiftPackageReference "realm-cocoa.git" */;
			productName = RealmSwift;
		};
/* End XCSwiftPackageProductDependency section */
	};
	rootObject = D4F440802635621A00B85A1B /* Project object */;
}
