// !$*UTF8*$!
{
	archiveVersion = 1;
	classes = {
	};
	objectVersion = 52;
	objects = {

/* Begin PBXBuildFile section */
		1B9C503429F17AB8AF3C76A1 /* VisualizeTabbedView.swift in Sources */ = {isa = PBXBuildFile; fileRef = 1B9C545335DB6C1A7D798B6F /* VisualizeTabbedView.swift */; };
		1B9C504F84DEAFDC13EFDFE6 /* RecordingStorage.swift in Sources */ = {isa = PBXBuildFile; fileRef = 1B9C5761EF0B2CFB776D0C2C /* RecordingStorage.swift */; };
		1B9C5069CA5C1D2C68B932D2 /* RegionalSpotCountTests.swift in Sources */ = {isa = PBXBuildFile; fileRef = 1B9C5674203AC20E91420C50 /* RegionalSpotCountTests.swift */; };
		1B9C50A48992C3AA94D96F1C /* PhotoPicker.swift in Sources */ = {isa = PBXBuildFile; fileRef = 1B9C54EF1F8928C4937DF29E /* PhotoPicker.swift */; };
		1B9C511CB888839BB003DC3A /* TimeOfDayFromGuessTests.swift in Sources */ = {isa = PBXBuildFile; fileRef = 1B9C504CCA1039F34EB5327B /* TimeOfDayFromGuessTests.swift */; };
		1B9C512D6AF06687A60D6009 /* FileSystem.swift in Sources */ = {isa = PBXBuildFile; fileRef = 1B9C5604D59F518E58701480 /* FileSystem.swift */; };
		1B9C514F9091A8F841020FC5 /* ExportRecordingsFilenameTest.swift in Sources */ = {isa = PBXBuildFile; fileRef = 1B9C58085C5F8E157E03410F /* ExportRecordingsFilenameTest.swift */; };
		1B9C51503383B2C84146CC50 /* ImportRecordingsButton.swift in Sources */ = {isa = PBXBuildFile; fileRef = 1B9C55B5F8DA369061145FB5 /* ImportRecordingsButton.swift */; };
		1B9C516DEECE90387AF17CD2 /* RealmVersionedRecordingStorage.swift in Sources */ = {isa = PBXBuildFile; fileRef = 1B9C5C5DAF6CAC639A3BE16B /* RealmVersionedRecordingStorage.swift */; };
		1B9C5177C2FF02D0179EE654 /* UserActivationDemoView.swift in Sources */ = {isa = PBXBuildFile; fileRef = 1B9C59196EC3AD3DA7A1FFAD /* UserActivationDemoView.swift */; };
		1B9C518F2F23482594BCDF59 /* FaceRegion.swift in Sources */ = {isa = PBXBuildFile; fileRef = 1B9C52C1ED55C5F77349A9FB /* FaceRegion.swift */; };
		1B9C51A02F099427AF40EBC8 /* MockStorageProvider.swift in Sources */ = {isa = PBXBuildFile; fileRef = 1B9C569904A28BEE0B5D909F /* MockStorageProvider.swift */; };
		1B9C5202763EA6EE4FB31C9A /* TimeOfDay.swift in Sources */ = {isa = PBXBuildFile; fileRef = 1B9C59B5059330F1D6E5C7E0 /* TimeOfDay.swift */; };
		1B9C522291AB526BC943D998 /* RecordingTimeLessThanTests.swift in Sources */ = {isa = PBXBuildFile; fileRef = 1B9C59E9E166D07EDC11C294 /* RecordingTimeLessThanTests.swift */; };
		1B9C529D1F6877DDC83E9BFA /* RecordingToJsonTests.swift in Sources */ = {isa = PBXBuildFile; fileRef = 1B9C57A65871DE5AF972DD5D /* RecordingToJsonTests.swift */; };
		1B9C5331307B23DAEE0C22E3 /* RecordingsInterpolator.swift in Sources */ = {isa = PBXBuildFile; fileRef = 1B9C53440A52CD93490D48C6 /* RecordingsInterpolator.swift */; };
		1B9C535368CF92E2A83D8821 /* InitialDateTimeGuessTests.swift in Sources */ = {isa = PBXBuildFile; fileRef = 1B9C5BE90E6C566E61C96DAE /* InitialDateTimeGuessTests.swift */; };
		1B9C535D8F83EF5A25CBF093 /* RecordingTimeEquatableTests.swift in Sources */ = {isa = PBXBuildFile; fileRef = 1B9C54352B27CE0A7D659980 /* RecordingTimeEquatableTests.swift */; };
		1B9C53A9FA73E75A29CBC3D9 /* FeedbackModal.swift in Sources */ = {isa = PBXBuildFile; fileRef = 1B9C5BF899437DEB8E0EE090 /* FeedbackModal.swift */; };
		1B9C53C49A7DC93C4522F103 /* FaceRegionSpotCountGroup.swift in Sources */ = {isa = PBXBuildFile; fileRef = 1B9C510934421AF68EF9BAF6 /* FaceRegionSpotCountGroup.swift */; };
		1B9C53CBCEEA143DD355E3E7 /* RecordingListDateRangeTests.swift in Sources */ = {isa = PBXBuildFile; fileRef = 1B9C53CE7CDF66B2B7962A26 /* RecordingListDateRangeTests.swift */; };
		1B9C542CC0A23D2EACB8FBCE /* RecordingsBackupDocument.swift in Sources */ = {isa = PBXBuildFile; fileRef = 1B9C5FE839D1AF0522795A72 /* RecordingsBackupDocument.swift */; };
		1B9C54968C6D6224044C912D /* TabbedView.swift in Sources */ = {isa = PBXBuildFile; fileRef = 1B9C53A262ECA94894B87166 /* TabbedView.swift */; };
		1B9C54A630C304DA942E7794 /* AddRecordingFloatingActionButton.swift in Sources */ = {isa = PBXBuildFile; fileRef = 1B9C540D8E7A51C6A28C7046 /* AddRecordingFloatingActionButton.swift */; };
		1B9C5508D9C19AC3C2AA7728 /* DateRangeLengthDescriptionTests.swift in Sources */ = {isa = PBXBuildFile; fileRef = 1B9C551D2AC6ADA635DEF1E4 /* DateRangeLengthDescriptionTests.swift */; };
		1B9C550DF791D4A957CC1DAB /* TimeOfDayToggle.swift in Sources */ = {isa = PBXBuildFile; fileRef = 1B9C57E7783B79690A4D6573 /* TimeOfDayToggle.swift */; };
		1B9C554921B88767E9712DEE /* VersionedRecordingStorage.swift in Sources */ = {isa = PBXBuildFile; fileRef = 1B9C547D5A2C7A4BB73D8735 /* VersionedRecordingStorage.swift */; };
		1B9C554DA3BD3BBDEF22C64F /* FormRecording.swift in Sources */ = {isa = PBXBuildFile; fileRef = 1B9C590141591DEB2542EC53 /* FormRecording.swift */; };
		1B9C5595117FC10898B6BF6E /* YourRecordingsListView.swift in Sources */ = {isa = PBXBuildFile; fileRef = 1B9C52F9AD1F4A6E642E1AB7 /* YourRecordingsListView.swift */; };
		1B9C56922E56A7821FF4764D /* EmptyStorageProvider.swift in Sources */ = {isa = PBXBuildFile; fileRef = 1B9C573FB72065DBA4F21578 /* EmptyStorageProvider.swift */; };
		1B9C56E7188685973886EBFD /* YourRecordingsListHeader.swift in Sources */ = {isa = PBXBuildFile; fileRef = 1B9C5FBBB71FCC7E41E0D881 /* YourRecordingsListHeader.swift */; };
		1B9C5721891BDBEC3FF9C6AA /* GalleryTabbedView.swift in Sources */ = {isa = PBXBuildFile; fileRef = 1B9C59E33FAC4F9D31F0F23A /* GalleryTabbedView.swift */; };
		1B9C576FC9D66BD41EA5B8F5 /* DashboardTabbedView.swift in Sources */ = {isa = PBXBuildFile; fileRef = 1B9C50734FD2384D8B7B4AF8 /* DashboardTabbedView.swift */; };
		1B9C57766D3E5EB9442E78B3 /* NotificationConfigurationButtonRow.swift in Sources */ = {isa = PBXBuildFile; fileRef = 1B9C53089B2E49AAAE1B633C /* NotificationConfigurationButtonRow.swift */; };
		1B9C579E50C74E1D064C0373 /* ExperimentTabbedView.swift in Sources */ = {isa = PBXBuildFile; fileRef = 1B9C53BEF0BB203E657E6605 /* ExperimentTabbedView.swift */; };
		1B9C57C994F163DA93101740 /* DashboardDataVisualizationView.swift in Sources */ = {isa = PBXBuildFile; fileRef = 1B9C5F978515BADCE4F6E651 /* DashboardDataVisualizationView.swift */; };
		1B9C58754AE06B6E3FE33D7D /* RecordingRealmObjectV1.swift in Sources */ = {isa = PBXBuildFile; fileRef = 1B9C588EA37488E6DEB92739 /* RecordingRealmObjectV1.swift */; };
		1B9C588F62E88DA3128CED07 /* RegionalSpotCount.swift in Sources */ = {isa = PBXBuildFile; fileRef = 1B9C5C52F11A9DEE5182CD08 /* RegionalSpotCount.swift */; };
		1B9C58EEC8E9B079C99188ED /* RecordingsInterpolatorTests.swift in Sources */ = {isa = PBXBuildFile; fileRef = 1B9C5968E9C22AA60C614779 /* RecordingsInterpolatorTests.swift */; };
		1B9C5952535AB70FFA10AAE2 /* StorageProvider.swift in Sources */ = {isa = PBXBuildFile; fileRef = 1B9C5A08A45EBA23555CFAFB /* StorageProvider.swift */; };
		1B9C595C823F76F674A65D18 /* AllTimeProgressView.swift in Sources */ = {isa = PBXBuildFile; fileRef = 1B9C5535C9D016607C3C1957 /* AllTimeProgressView.swift */; };
		1B9C59D3C93E6E132CB7A650 /* RecordingTimeIsInLastTests.swift in Sources */ = {isa = PBXBuildFile; fileRef = 1B9C542C9E2E38FF3DFBF4BB /* RecordingTimeIsInLastTests.swift */; };
		1B9C59D85F0AB7E6F7179E45 /* RecordingTimeIsForTests.swift in Sources */ = {isa = PBXBuildFile; fileRef = 1B9C52AFF554CCB28DC5A8CC /* RecordingTimeIsForTests.swift */; };
		1B9C5A82FBF9A31C6787912C /* UsageAnalytics.swift in Sources */ = {isa = PBXBuildFile; fileRef = 1B9C5F759F7954EDE0083559 /* UsageAnalytics.swift */; };
		1B9C5A927F2F3094BD190B0F /* ExportRecordingsButton.swift in Sources */ = {isa = PBXBuildFile; fileRef = 1B9C555A9CA3C1C278ED50AC /* ExportRecordingsButton.swift */; };
		1B9C5AA7F05692DB27F930AD /* PhotoPreview.swift in Sources */ = {isa = PBXBuildFile; fileRef = 1B9C5AC81AB9E6699CE80F85 /* PhotoPreview.swift */; };
		1B9C5ACEA50E79C0C7CD3F8F /* RecordingTime.swift in Sources */ = {isa = PBXBuildFile; fileRef = 1B9C51F93B5D79EAA0C8F113 /* RecordingTime.swift */; };
		1B9C5ACF258CC71CE02AE8A5 /* TrackedEvent.swift in Sources */ = {isa = PBXBuildFile; fileRef = 1B9C561BAF6FF09E645CDFD5 /* TrackedEvent.swift */; };
		1B9C5B22DE32EEB42BE28A2F /* EmptyTabbedView.swift in Sources */ = {isa = PBXBuildFile; fileRef = 1B9C5B3FDF8CD894FBFAA3D2 /* EmptyTabbedView.swift */; };
		1B9C5B3FF03615AE28F4F0C8 /* hideKeyboard.swift in Sources */ = {isa = PBXBuildFile; fileRef = 1B9C5448D870B5D3D85461CD /* hideKeyboard.swift */; };
		1B9C5B53DDECDEC667021EED /* RecordingStorageStoreTests.swift in Sources */ = {isa = PBXBuildFile; fileRef = 1B9C570C0BAB84F86A4ED769 /* RecordingStorageStoreTests.swift */; };
		1B9C5BCFFA8ABD67127AE0F2 /* PhotoStorage.swift in Sources */ = {isa = PBXBuildFile; fileRef = 1B9C5377771724E94E8E599C /* PhotoStorage.swift */; };
		1B9C5C82F7DA0C098BB12A86 /* IdentifiedDevice.swift in Sources */ = {isa = PBXBuildFile; fileRef = 1B9C544709B1E9D7300F5A9D /* IdentifiedDevice.swift */; };
		1B9C5CA6BDD20A8DC15DB239 /* RecordTabbedView.swift in Sources */ = {isa = PBXBuildFile; fileRef = 1B9C5F6466ACBE2909042048 /* RecordTabbedView.swift */; };
		1B9C5CF50EF966D13C9D6022 /* RecordingTimeFactory.swift in Sources */ = {isa = PBXBuildFile; fileRef = 1B9C52BC975238A6257CE505 /* RecordingTimeFactory.swift */; };
		1B9C5D3F21BFB0E3A103A9FD /* ProgressLineChartView.swift in Sources */ = {isa = PBXBuildFile; fileRef = 1B9C5DCFA0B1217C9C6814DC /* ProgressLineChartView.swift */; };
		1B9C5D45C2C5694A631F985D /* ReminderNotificationScheduler.swift in Sources */ = {isa = PBXBuildFile; fileRef = 1B9C55479508AA4E2DAA30D1 /* ReminderNotificationScheduler.swift */; };
		1B9C5DAE82A6F8D630C2E6FB /* RecordingRealmObjectV2.swift in Sources */ = {isa = PBXBuildFile; fileRef = 1B9C5595D52A7430DB0E1F4F /* RecordingRealmObjectV2.swift */; };
		1B9C5DDF8847B33675F739DA /* RealmStorageProvider.swift in Sources */ = {isa = PBXBuildFile; fileRef = 1B9C532372174494DF1C9B68 /* RealmStorageProvider.swift */; };
		1B9C5E274518ECA0E2021F93 /* TabHeader.swift in Sources */ = {isa = PBXBuildFile; fileRef = 1B9C593352F029084B32DD55 /* TabHeader.swift */; };
		1B9C5E2F9FFA8D023E8AE00F /* AddPhotoButton.swift in Sources */ = {isa = PBXBuildFile; fileRef = 1B9C56E57EC4858F9C32BB9E /* AddPhotoButton.swift */; };
		1B9C5EB161063F2BAA1367F2 /* Recording.swift in Sources */ = {isa = PBXBuildFile; fileRef = 1B9C53AA81780815A3FDEE84 /* Recording.swift */; };
		1B9C5F5CEBEF8E70B61C07C5 /* RecordingFactory.swift in Sources */ = {isa = PBXBuildFile; fileRef = 1B9C5D44C8AEC861672499FE /* RecordingFactory.swift */; };
		1B9C5F63F8E83DD305A32035 /* MostAffectedRegionsView.swift in Sources */ = {isa = PBXBuildFile; fileRef = 1B9C55A7C7B27050E99AAFD9 /* MostAffectedRegionsView.swift */; };
		1B9C5FAC1434B37FBD5728BB /* LastTwoWeeksProgressView.swift in Sources */ = {isa = PBXBuildFile; fileRef = 1B9C5ED7AC183693F8D93FEA /* LastTwoWeeksProgressView.swift */; };
		D42CC5DA26457D7F00BBAD0D /* SwiftDate in Frameworks */ = {isa = PBXBuildFile; productRef = D42CC5D926457D7F00BBAD0D /* SwiftDate */; };
		D42CC5DC26457D7F00BBAD0D /* SwiftDateStatic in Frameworks */ = {isa = PBXBuildFile; productRef = D42CC5DB26457D7F00BBAD0D /* SwiftDateStatic */; };
		D42CC5E126494F4000BBAD0D /* SwiftUICharts in Frameworks */ = {isa = PBXBuildFile; productRef = D42CC5E026494F4000BBAD0D /* SwiftUICharts */; };
		D452D146264FFB7900B210E7 /* AppCenterDistribute in Frameworks */ = {isa = PBXBuildFile; productRef = D452D145264FFB7900B210E7 /* AppCenterDistribute */; };
		D452D148264FFB7900B210E7 /* AppCenterCrashes in Frameworks */ = {isa = PBXBuildFile; productRef = D452D147264FFB7900B210E7 /* AppCenterCrashes */; };
		D452D14A264FFB7900B210E7 /* AppCenterAnalytics in Frameworks */ = {isa = PBXBuildFile; productRef = D452D149264FFB7900B210E7 /* AppCenterAnalytics */; };
		D4B1E36B26536A2B0084C820 /* Mixpanel in Frameworks */ = {isa = PBXBuildFile; productRef = D4B1E36A26536A2B0084C820 /* Mixpanel */; };
		D4E5DE5726436DDB00FB44BA /* Realm in Frameworks */ = {isa = PBXBuildFile; productRef = D4E5DE5626436DDB00FB44BA /* Realm */; };
		D4E5DE5926436DDB00FB44BA /* RealmSwift in Frameworks */ = {isa = PBXBuildFile; productRef = D4E5DE5826436DDB00FB44BA /* RealmSwift */; };
		D4F4408C2635621B00B85A1B /* SkinTrackerApp.swift in Sources */ = {isa = PBXBuildFile; fileRef = D4F4408B2635621B00B85A1B /* SkinTrackerApp.swift */; };
		D4F4408E2635621B00B85A1B /* MainView.swift in Sources */ = {isa = PBXBuildFile; fileRef = D4F4408D2635621B00B85A1B /* MainView.swift */; };
		D4F440902635621C00B85A1B /* Assets.xcassets in Resources */ = {isa = PBXBuildFile; fileRef = D4F4408F2635621C00B85A1B /* Assets.xcassets */; };
		D4F440932635621C00B85A1B /* Preview Assets.xcassets in Resources */ = {isa = PBXBuildFile; fileRef = D4F440922635621C00B85A1B /* Preview Assets.xcassets */; };
		D4F4409E2635621C00B85A1B /* SkinTrackerTests.swift in Sources */ = {isa = PBXBuildFile; fileRef = D4F4409D2635621C00B85A1B /* SkinTrackerTests.swift */; };
		D4F440A92635621C00B85A1B /* skintrackerUITests.swift in Sources */ = {isa = PBXBuildFile; fileRef = D4F440A82635621C00B85A1B /* skintrackerUITests.swift */; };
/* End PBXBuildFile section */

/* Begin PBXContainerItemProxy section */
		D4F4409A2635621C00B85A1B /* PBXContainerItemProxy */ = {
			isa = PBXContainerItemProxy;
			containerPortal = D4F440802635621A00B85A1B /* Project object */;
			proxyType = 1;
			remoteGlobalIDString = D4F440872635621B00B85A1B;
			remoteInfo = skintracker;
		};
		D4F440A52635621C00B85A1B /* PBXContainerItemProxy */ = {
			isa = PBXContainerItemProxy;
			containerPortal = D4F440802635621A00B85A1B /* Project object */;
			proxyType = 1;
			remoteGlobalIDString = D4F440872635621B00B85A1B;
			remoteInfo = skintracker;
		};
/* End PBXContainerItemProxy section */

/* Begin PBXFileReference section */
		1B9C504CCA1039F34EB5327B /* TimeOfDayFromGuessTests.swift */ = {isa = PBXFileReference; fileEncoding = 4; lastKnownFileType = sourcecode.swift; path = TimeOfDayFromGuessTests.swift; sourceTree = "<group>"; };
		1B9C50734FD2384D8B7B4AF8 /* DashboardTabbedView.swift */ = {isa = PBXFileReference; fileEncoding = 4; lastKnownFileType = sourcecode.swift; path = DashboardTabbedView.swift; sourceTree = "<group>"; };
		1B9C510934421AF68EF9BAF6 /* FaceRegionSpotCountGroup.swift */ = {isa = PBXFileReference; fileEncoding = 4; lastKnownFileType = sourcecode.swift; path = FaceRegionSpotCountGroup.swift; sourceTree = "<group>"; };
		1B9C51F93B5D79EAA0C8F113 /* RecordingTime.swift */ = {isa = PBXFileReference; fileEncoding = 4; lastKnownFileType = sourcecode.swift; path = RecordingTime.swift; sourceTree = "<group>"; };
		1B9C52AFF554CCB28DC5A8CC /* RecordingTimeIsForTests.swift */ = {isa = PBXFileReference; fileEncoding = 4; lastKnownFileType = sourcecode.swift; path = RecordingTimeIsForTests.swift; sourceTree = "<group>"; };
		1B9C52BC975238A6257CE505 /* RecordingTimeFactory.swift */ = {isa = PBXFileReference; fileEncoding = 4; lastKnownFileType = sourcecode.swift; path = RecordingTimeFactory.swift; sourceTree = "<group>"; };
		1B9C52C1ED55C5F77349A9FB /* FaceRegion.swift */ = {isa = PBXFileReference; fileEncoding = 4; lastKnownFileType = sourcecode.swift; path = FaceRegion.swift; sourceTree = "<group>"; };
		1B9C52F9AD1F4A6E642E1AB7 /* YourRecordingsListView.swift */ = {isa = PBXFileReference; fileEncoding = 4; lastKnownFileType = sourcecode.swift; path = YourRecordingsListView.swift; sourceTree = "<group>"; };
		1B9C53089B2E49AAAE1B633C /* NotificationConfigurationButtonRow.swift */ = {isa = PBXFileReference; fileEncoding = 4; lastKnownFileType = sourcecode.swift; path = NotificationConfigurationButtonRow.swift; sourceTree = "<group>"; };
		1B9C532372174494DF1C9B68 /* RealmStorageProvider.swift */ = {isa = PBXFileReference; fileEncoding = 4; lastKnownFileType = sourcecode.swift; path = RealmStorageProvider.swift; sourceTree = "<group>"; };
		1B9C53440A52CD93490D48C6 /* RecordingsInterpolator.swift */ = {isa = PBXFileReference; fileEncoding = 4; lastKnownFileType = sourcecode.swift; path = RecordingsInterpolator.swift; sourceTree = "<group>"; };
		1B9C5377771724E94E8E599C /* PhotoStorage.swift */ = {isa = PBXFileReference; fileEncoding = 4; lastKnownFileType = sourcecode.swift; path = PhotoStorage.swift; sourceTree = "<group>"; };
		1B9C53A262ECA94894B87166 /* TabbedView.swift */ = {isa = PBXFileReference; fileEncoding = 4; lastKnownFileType = sourcecode.swift; path = TabbedView.swift; sourceTree = "<group>"; };
		1B9C53AA81780815A3FDEE84 /* Recording.swift */ = {isa = PBXFileReference; fileEncoding = 4; lastKnownFileType = sourcecode.swift; path = Recording.swift; sourceTree = "<group>"; };
		1B9C53BEF0BB203E657E6605 /* ExperimentTabbedView.swift */ = {isa = PBXFileReference; fileEncoding = 4; lastKnownFileType = sourcecode.swift; path = ExperimentTabbedView.swift; sourceTree = "<group>"; };
		1B9C53CE7CDF66B2B7962A26 /* RecordingListDateRangeTests.swift */ = {isa = PBXFileReference; fileEncoding = 4; lastKnownFileType = sourcecode.swift; path = RecordingListDateRangeTests.swift; sourceTree = "<group>"; };
		1B9C540D8E7A51C6A28C7046 /* AddRecordingFloatingActionButton.swift */ = {isa = PBXFileReference; fileEncoding = 4; lastKnownFileType = sourcecode.swift; path = AddRecordingFloatingActionButton.swift; sourceTree = "<group>"; };
		1B9C542C9E2E38FF3DFBF4BB /* RecordingTimeIsInLastTests.swift */ = {isa = PBXFileReference; fileEncoding = 4; lastKnownFileType = sourcecode.swift; path = RecordingTimeIsInLastTests.swift; sourceTree = "<group>"; };
		1B9C54352B27CE0A7D659980 /* RecordingTimeEquatableTests.swift */ = {isa = PBXFileReference; fileEncoding = 4; lastKnownFileType = sourcecode.swift; path = RecordingTimeEquatableTests.swift; sourceTree = "<group>"; };
		1B9C544709B1E9D7300F5A9D /* IdentifiedDevice.swift */ = {isa = PBXFileReference; fileEncoding = 4; lastKnownFileType = sourcecode.swift; path = IdentifiedDevice.swift; sourceTree = "<group>"; };
		1B9C5448D870B5D3D85461CD /* hideKeyboard.swift */ = {isa = PBXFileReference; fileEncoding = 4; lastKnownFileType = sourcecode.swift; path = hideKeyboard.swift; sourceTree = "<group>"; };
		1B9C545335DB6C1A7D798B6F /* VisualizeTabbedView.swift */ = {isa = PBXFileReference; fileEncoding = 4; lastKnownFileType = sourcecode.swift; path = VisualizeTabbedView.swift; sourceTree = "<group>"; };
		1B9C547D5A2C7A4BB73D8735 /* VersionedRecordingStorage.swift */ = {isa = PBXFileReference; fileEncoding = 4; lastKnownFileType = sourcecode.swift; path = VersionedRecordingStorage.swift; sourceTree = "<group>"; };
		1B9C54EF1F8928C4937DF29E /* PhotoPicker.swift */ = {isa = PBXFileReference; fileEncoding = 4; lastKnownFileType = sourcecode.swift; path = PhotoPicker.swift; sourceTree = "<group>"; };
		1B9C551D2AC6ADA635DEF1E4 /* DateRangeLengthDescriptionTests.swift */ = {isa = PBXFileReference; fileEncoding = 4; lastKnownFileType = sourcecode.swift; path = DateRangeLengthDescriptionTests.swift; sourceTree = "<group>"; };
		1B9C5535C9D016607C3C1957 /* AllTimeProgressView.swift */ = {isa = PBXFileReference; fileEncoding = 4; lastKnownFileType = sourcecode.swift; path = AllTimeProgressView.swift; sourceTree = "<group>"; };
		1B9C55479508AA4E2DAA30D1 /* ReminderNotificationScheduler.swift */ = {isa = PBXFileReference; fileEncoding = 4; lastKnownFileType = sourcecode.swift; path = ReminderNotificationScheduler.swift; sourceTree = "<group>"; };
		1B9C555A9CA3C1C278ED50AC /* ExportRecordingsButton.swift */ = {isa = PBXFileReference; fileEncoding = 4; lastKnownFileType = sourcecode.swift; path = ExportRecordingsButton.swift; sourceTree = "<group>"; };
		1B9C5595D52A7430DB0E1F4F /* RecordingRealmObjectV2.swift */ = {isa = PBXFileReference; fileEncoding = 4; lastKnownFileType = sourcecode.swift; path = RecordingRealmObjectV2.swift; sourceTree = "<group>"; };
		1B9C55A7C7B27050E99AAFD9 /* MostAffectedRegionsView.swift */ = {isa = PBXFileReference; fileEncoding = 4; lastKnownFileType = sourcecode.swift; path = MostAffectedRegionsView.swift; sourceTree = "<group>"; };
		1B9C55B5F8DA369061145FB5 /* ImportRecordingsButton.swift */ = {isa = PBXFileReference; fileEncoding = 4; lastKnownFileType = sourcecode.swift; path = ImportRecordingsButton.swift; sourceTree = "<group>"; };
		1B9C5604D59F518E58701480 /* FileSystem.swift */ = {isa = PBXFileReference; fileEncoding = 4; lastKnownFileType = sourcecode.swift; path = FileSystem.swift; sourceTree = "<group>"; };
		1B9C561BAF6FF09E645CDFD5 /* TrackedEvent.swift */ = {isa = PBXFileReference; fileEncoding = 4; lastKnownFileType = sourcecode.swift; path = TrackedEvent.swift; sourceTree = "<group>"; };
		1B9C5674203AC20E91420C50 /* RegionalSpotCountTests.swift */ = {isa = PBXFileReference; fileEncoding = 4; lastKnownFileType = sourcecode.swift; path = RegionalSpotCountTests.swift; sourceTree = "<group>"; };
		1B9C569904A28BEE0B5D909F /* MockStorageProvider.swift */ = {isa = PBXFileReference; fileEncoding = 4; lastKnownFileType = sourcecode.swift; path = MockStorageProvider.swift; sourceTree = "<group>"; };
		1B9C56E57EC4858F9C32BB9E /* AddPhotoButton.swift */ = {isa = PBXFileReference; fileEncoding = 4; lastKnownFileType = sourcecode.swift; path = AddPhotoButton.swift; sourceTree = "<group>"; };
		1B9C570C0BAB84F86A4ED769 /* RecordingStorageStoreTests.swift */ = {isa = PBXFileReference; fileEncoding = 4; lastKnownFileType = sourcecode.swift; path = RecordingStorageStoreTests.swift; sourceTree = "<group>"; };
		1B9C573FB72065DBA4F21578 /* EmptyStorageProvider.swift */ = {isa = PBXFileReference; fileEncoding = 4; lastKnownFileType = sourcecode.swift; path = EmptyStorageProvider.swift; sourceTree = "<group>"; };
		1B9C5761EF0B2CFB776D0C2C /* RecordingStorage.swift */ = {isa = PBXFileReference; fileEncoding = 4; lastKnownFileType = sourcecode.swift; path = RecordingStorage.swift; sourceTree = "<group>"; };
		1B9C57A65871DE5AF972DD5D /* RecordingToJsonTests.swift */ = {isa = PBXFileReference; fileEncoding = 4; lastKnownFileType = sourcecode.swift; path = RecordingToJsonTests.swift; sourceTree = "<group>"; };
		1B9C57E7783B79690A4D6573 /* TimeOfDayToggle.swift */ = {isa = PBXFileReference; fileEncoding = 4; lastKnownFileType = sourcecode.swift; path = TimeOfDayToggle.swift; sourceTree = "<group>"; };
		1B9C58085C5F8E157E03410F /* ExportRecordingsFilenameTest.swift */ = {isa = PBXFileReference; fileEncoding = 4; lastKnownFileType = sourcecode.swift; path = ExportRecordingsFilenameTest.swift; sourceTree = "<group>"; };
		1B9C588EA37488E6DEB92739 /* RecordingRealmObjectV1.swift */ = {isa = PBXFileReference; fileEncoding = 4; lastKnownFileType = sourcecode.swift; path = RecordingRealmObjectV1.swift; sourceTree = "<group>"; };
		1B9C590141591DEB2542EC53 /* FormRecording.swift */ = {isa = PBXFileReference; fileEncoding = 4; lastKnownFileType = sourcecode.swift; path = FormRecording.swift; sourceTree = "<group>"; };
		1B9C59196EC3AD3DA7A1FFAD /* UserActivationDemoView.swift */ = {isa = PBXFileReference; fileEncoding = 4; lastKnownFileType = sourcecode.swift; path = UserActivationDemoView.swift; sourceTree = "<group>"; };
		1B9C593352F029084B32DD55 /* TabHeader.swift */ = {isa = PBXFileReference; fileEncoding = 4; lastKnownFileType = sourcecode.swift; path = TabHeader.swift; sourceTree = "<group>"; };
		1B9C5968E9C22AA60C614779 /* RecordingsInterpolatorTests.swift */ = {isa = PBXFileReference; fileEncoding = 4; lastKnownFileType = sourcecode.swift; path = RecordingsInterpolatorTests.swift; sourceTree = "<group>"; };
		1B9C59B5059330F1D6E5C7E0 /* TimeOfDay.swift */ = {isa = PBXFileReference; fileEncoding = 4; lastKnownFileType = sourcecode.swift; path = TimeOfDay.swift; sourceTree = "<group>"; };
		1B9C59E33FAC4F9D31F0F23A /* GalleryTabbedView.swift */ = {isa = PBXFileReference; fileEncoding = 4; lastKnownFileType = sourcecode.swift; path = GalleryTabbedView.swift; sourceTree = "<group>"; };
		1B9C59E9E166D07EDC11C294 /* RecordingTimeLessThanTests.swift */ = {isa = PBXFileReference; fileEncoding = 4; lastKnownFileType = sourcecode.swift; path = RecordingTimeLessThanTests.swift; sourceTree = "<group>"; };
		1B9C5A08A45EBA23555CFAFB /* StorageProvider.swift */ = {isa = PBXFileReference; fileEncoding = 4; lastKnownFileType = sourcecode.swift; path = StorageProvider.swift; sourceTree = "<group>"; };
		1B9C5AC81AB9E6699CE80F85 /* PhotoPreview.swift */ = {isa = PBXFileReference; fileEncoding = 4; lastKnownFileType = sourcecode.swift; path = PhotoPreview.swift; sourceTree = "<group>"; };
		1B9C5B3FDF8CD894FBFAA3D2 /* EmptyTabbedView.swift */ = {isa = PBXFileReference; fileEncoding = 4; lastKnownFileType = sourcecode.swift; path = EmptyTabbedView.swift; sourceTree = "<group>"; };
		1B9C5BE90E6C566E61C96DAE /* InitialDateTimeGuessTests.swift */ = {isa = PBXFileReference; fileEncoding = 4; lastKnownFileType = sourcecode.swift; path = InitialDateTimeGuessTests.swift; sourceTree = "<group>"; };
		1B9C5BF899437DEB8E0EE090 /* FeedbackModal.swift */ = {isa = PBXFileReference; fileEncoding = 4; lastKnownFileType = sourcecode.swift; path = FeedbackModal.swift; sourceTree = "<group>"; };
		1B9C5C52F11A9DEE5182CD08 /* RegionalSpotCount.swift */ = {isa = PBXFileReference; fileEncoding = 4; lastKnownFileType = sourcecode.swift; path = RegionalSpotCount.swift; sourceTree = "<group>"; };
		1B9C5C5DAF6CAC639A3BE16B /* RealmVersionedRecordingStorage.swift */ = {isa = PBXFileReference; fileEncoding = 4; lastKnownFileType = sourcecode.swift; path = RealmVersionedRecordingStorage.swift; sourceTree = "<group>"; };
		1B9C5D44C8AEC861672499FE /* RecordingFactory.swift */ = {isa = PBXFileReference; fileEncoding = 4; lastKnownFileType = sourcecode.swift; path = RecordingFactory.swift; sourceTree = "<group>"; };
		1B9C5DCFA0B1217C9C6814DC /* ProgressLineChartView.swift */ = {isa = PBXFileReference; fileEncoding = 4; lastKnownFileType = sourcecode.swift; path = ProgressLineChartView.swift; sourceTree = "<group>"; };
		1B9C5ED7AC183693F8D93FEA /* LastTwoWeeksProgressView.swift */ = {isa = PBXFileReference; fileEncoding = 4; lastKnownFileType = sourcecode.swift; path = LastTwoWeeksProgressView.swift; sourceTree = "<group>"; };
		1B9C5F6466ACBE2909042048 /* RecordTabbedView.swift */ = {isa = PBXFileReference; fileEncoding = 4; lastKnownFileType = sourcecode.swift; path = RecordTabbedView.swift; sourceTree = "<group>"; };
		1B9C5F759F7954EDE0083559 /* UsageAnalytics.swift */ = {isa = PBXFileReference; fileEncoding = 4; lastKnownFileType = sourcecode.swift; path = UsageAnalytics.swift; sourceTree = "<group>"; };
		1B9C5F978515BADCE4F6E651 /* DashboardDataVisualizationView.swift */ = {isa = PBXFileReference; fileEncoding = 4; lastKnownFileType = sourcecode.swift; path = DashboardDataVisualizationView.swift; sourceTree = "<group>"; };
		1B9C5FBBB71FCC7E41E0D881 /* YourRecordingsListHeader.swift */ = {isa = PBXFileReference; fileEncoding = 4; lastKnownFileType = sourcecode.swift; path = YourRecordingsListHeader.swift; sourceTree = "<group>"; };
		1B9C5FE839D1AF0522795A72 /* RecordingsBackupDocument.swift */ = {isa = PBXFileReference; fileEncoding = 4; lastKnownFileType = sourcecode.swift; path = RecordingsBackupDocument.swift; sourceTree = "<group>"; };
		D4F440882635621B00B85A1B /* SkinTracker.app */ = {isa = PBXFileReference; explicitFileType = wrapper.application; includeInIndex = 0; path = SkinTracker.app; sourceTree = BUILT_PRODUCTS_DIR; };
		D4F4408B2635621B00B85A1B /* SkinTrackerApp.swift */ = {isa = PBXFileReference; lastKnownFileType = sourcecode.swift; path = SkinTrackerApp.swift; sourceTree = "<group>"; };
		D4F4408D2635621B00B85A1B /* MainView.swift */ = {isa = PBXFileReference; lastKnownFileType = sourcecode.swift; path = MainView.swift; sourceTree = "<group>"; };
		D4F4408F2635621C00B85A1B /* Assets.xcassets */ = {isa = PBXFileReference; lastKnownFileType = folder.assetcatalog; path = Assets.xcassets; sourceTree = "<group>"; };
		D4F440922635621C00B85A1B /* Preview Assets.xcassets */ = {isa = PBXFileReference; lastKnownFileType = folder.assetcatalog; path = "Preview Assets.xcassets"; sourceTree = "<group>"; };
		D4F440942635621C00B85A1B /* Info.plist */ = {isa = PBXFileReference; lastKnownFileType = text.plist.xml; path = Info.plist; sourceTree = "<group>"; };
		D4F440992635621C00B85A1B /* SkinTrackerTests.xctest */ = {isa = PBXFileReference; explicitFileType = wrapper.cfbundle; includeInIndex = 0; path = SkinTrackerTests.xctest; sourceTree = BUILT_PRODUCTS_DIR; };
		D4F4409D2635621C00B85A1B /* SkinTrackerTests.swift */ = {isa = PBXFileReference; lastKnownFileType = sourcecode.swift; path = SkinTrackerTests.swift; sourceTree = "<group>"; };
		D4F4409F2635621C00B85A1B /* Info.plist */ = {isa = PBXFileReference; lastKnownFileType = text.plist.xml; path = Info.plist; sourceTree = "<group>"; };
		D4F440A42635621C00B85A1B /* SkinTrackerUITests.xctest */ = {isa = PBXFileReference; explicitFileType = wrapper.cfbundle; includeInIndex = 0; path = SkinTrackerUITests.xctest; sourceTree = BUILT_PRODUCTS_DIR; };
		D4F440A82635621C00B85A1B /* skintrackerUITests.swift */ = {isa = PBXFileReference; lastKnownFileType = sourcecode.swift; path = skintrackerUITests.swift; sourceTree = "<group>"; };
		D4F440AA2635621C00B85A1B /* Info.plist */ = {isa = PBXFileReference; lastKnownFileType = text.plist.xml; path = Info.plist; sourceTree = "<group>"; };
/* End PBXFileReference section */

/* Begin PBXFrameworksBuildPhase section */
		D4F440852635621B00B85A1B /* Frameworks */ = {
			isa = PBXFrameworksBuildPhase;
			buildActionMask = 2147483647;
			files = (
				D4E5DE5926436DDB00FB44BA /* RealmSwift in Frameworks */,
				D4E5DE5726436DDB00FB44BA /* Realm in Frameworks */,
				D452D146264FFB7900B210E7 /* AppCenterDistribute in Frameworks */,
				D42CC5DC26457D7F00BBAD0D /* SwiftDateStatic in Frameworks */,
				D452D14A264FFB7900B210E7 /* AppCenterAnalytics in Frameworks */,
				D42CC5DA26457D7F00BBAD0D /* SwiftDate in Frameworks */,
				D4B1E36B26536A2B0084C820 /* Mixpanel in Frameworks */,
				D42CC5E126494F4000BBAD0D /* SwiftUICharts in Frameworks */,
				D452D148264FFB7900B210E7 /* AppCenterCrashes in Frameworks */,
			);
			runOnlyForDeploymentPostprocessing = 0;
		};
		D4F440962635621C00B85A1B /* Frameworks */ = {
			isa = PBXFrameworksBuildPhase;
			buildActionMask = 2147483647;
			files = (
			);
			runOnlyForDeploymentPostprocessing = 0;
		};
		D4F440A12635621C00B85A1B /* Frameworks */ = {
			isa = PBXFrameworksBuildPhase;
			buildActionMask = 2147483647;
			files = (
			);
			runOnlyForDeploymentPostprocessing = 0;
		};
/* End PBXFrameworksBuildPhase section */

/* Begin PBXGroup section */
		1B9C5018B5D4A9912EDC31F8 /* storage */ = {
			isa = PBXGroup;
			children = (
				1B9C5377771724E94E8E599C /* PhotoStorage.swift */,
				1B9C5604D59F518E58701480 /* FileSystem.swift */,
			);
			path = storage;
			sourceTree = "<group>";
		};
		1B9C50AF381932920148DFAB /* photo */ = {
			isa = PBXGroup;
			children = (
				1B9C56E57EC4858F9C32BB9E /* AddPhotoButton.swift */,
				1B9C54EF1F8928C4937DF29E /* PhotoPicker.swift */,
				1B9C5018B5D4A9912EDC31F8 /* storage */,
				1B9C5AC81AB9E6699CE80F85 /* PhotoPreview.swift */,
			);
			path = photo;
			sourceTree = "<group>";
		};
		1B9C51664D0D12F26BCFF420 /* your_recordings */ = {
			isa = PBXGroup;
			children = (
				1B9C55B5F8DA369061145FB5 /* ImportRecordingsButton.swift */,
				1B9C52F9AD1F4A6E642E1AB7 /* YourRecordingsListView.swift */,
				1B9C5FBBB71FCC7E41E0D881 /* YourRecordingsListHeader.swift */,
				1B9C540D8E7A51C6A28C7046 /* AddRecordingFloatingActionButton.swift */,
				1B9C52028FD4FEAF8F60B1E6 /* export */,
			);
			path = your_recordings;
			sourceTree = "<group>";
		};
		1B9C52028FD4FEAF8F60B1E6 /* export */ = {
			isa = PBXGroup;
			children = (
				1B9C555A9CA3C1C278ED50AC /* ExportRecordingsButton.swift */,
				1B9C5FE839D1AF0522795A72 /* RecordingsBackupDocument.swift */,
			);
			path = export;
			sourceTree = "<group>";
		};
		1B9C52172A7B8ACC0F9E79F9 /* empty */ = {
			isa = PBXGroup;
			children = (
				1B9C573FB72065DBA4F21578 /* EmptyStorageProvider.swift */,
			);
			path = empty;
			sourceTree = "<group>";
		};
		1B9C5246BDEC0AE445BCF40B /* gallery */ = {
			isa = PBXGroup;
			children = (
				1B9C59E33FAC4F9D31F0F23A /* GalleryTabbedView.swift */,
			);
			path = gallery;
			sourceTree = "<group>";
		};
		1B9C538BC546487118E470F1 /* visualize */ = {
			isa = PBXGroup;
			children = (
				1B9C545335DB6C1A7D798B6F /* VisualizeTabbedView.swift */,
			);
			path = visualize;
			sourceTree = "<group>";
		};
		1B9C53907A16C011C13A10E1 /* realm */ = {
			isa = PBXGroup;
			children = (
				1B9C5C5DAF6CAC639A3BE16B /* RealmVersionedRecordingStorage.swift */,
				1B9C532372174494DF1C9B68 /* RealmStorageProvider.swift */,
				1B9C588EA37488E6DEB92739 /* RecordingRealmObjectV1.swift */,
				1B9C5595D52A7430DB0E1F4F /* RecordingRealmObjectV2.swift */,
			);
			path = realm;
			sourceTree = "<group>";
		};
		1B9C56D3607E509136C02655 /* recording */ = {
			isa = PBXGroup;
			children = (
				1B9C5761EF0B2CFB776D0C2C /* RecordingStorage.swift */,
				1B9C53AA81780815A3FDEE84 /* Recording.swift */,
				1B9C52C1ED55C5F77349A9FB /* FaceRegion.swift */,
				1B9C59B5059330F1D6E5C7E0 /* TimeOfDay.swift */,
				1B9C5C52F11A9DEE5182CD08 /* RegionalSpotCount.swift */,
				1B9C5AB6CB4364A4F55CC6D7 /* storage_provider */,
				1B9C51F93B5D79EAA0C8F113 /* RecordingTime.swift */,
			);
			path = recording;
			sourceTree = "<group>";
		};
		1B9C57C0CB11C1AF33845C54 /* dashboard */ = {
			isa = PBXGroup;
			children = (
				1B9C50734FD2384D8B7B4AF8 /* DashboardTabbedView.swift */,
				1B9C5F978515BADCE4F6E651 /* DashboardDataVisualizationView.swift */,
				1B9C51664D0D12F26BCFF420 /* your_recordings */,
				1B9C59196EC3AD3DA7A1FFAD /* UserActivationDemoView.swift */,
			);
			path = dashboard;
			sourceTree = "<group>";
		};
		1B9C583A512DD73713814EFF /* usage_analytics */ = {
			isa = PBXGroup;
			children = (
				1B9C5F759F7954EDE0083559 /* UsageAnalytics.swift */,
				1B9C544709B1E9D7300F5A9D /* IdentifiedDevice.swift */,
				1B9C561BAF6FF09E645CDFD5 /* TrackedEvent.swift */,
			);
			path = usage_analytics;
			sourceTree = "<group>";
		};
		1B9C5860E4ABF95B08DB81BD /* export */ = {
			isa = PBXGroup;
			children = (
				1B9C58085C5F8E157E03410F /* ExportRecordingsFilenameTest.swift */,
			);
			path = export;
			sourceTree = "<group>";
		};
		1B9C593E7BCA12EB9718C330 /* recording */ = {
			isa = PBXGroup;
			children = (
				1B9C52AFF554CCB28DC5A8CC /* RecordingTimeIsForTests.swift */,
				1B9C59E9E166D07EDC11C294 /* RecordingTimeLessThanTests.swift */,
				1B9C57A65871DE5AF972DD5D /* RecordingToJsonTests.swift */,
				1B9C5674203AC20E91420C50 /* RegionalSpotCountTests.swift */,
				1B9C504CCA1039F34EB5327B /* TimeOfDayFromGuessTests.swift */,
				1B9C542C9E2E38FF3DFBF4BB /* RecordingTimeIsInLastTests.swift */,
				1B9C53CE7CDF66B2B7962A26 /* RecordingListDateRangeTests.swift */,
				1B9C570C0BAB84F86A4ED769 /* RecordingStorageStoreTests.swift */,
				1B9C569904A28BEE0B5D909F /* MockStorageProvider.swift */,
				1B9C54352B27CE0A7D659980 /* RecordingTimeEquatableTests.swift */,
				1B9C5D44C8AEC861672499FE /* RecordingFactory.swift */,
				1B9C52BC975238A6257CE505 /* RecordingTimeFactory.swift */,
			);
			path = recording;
			sourceTree = "<group>";
		};
		1B9C5A7FA15663B3C4719617 /* development_testing */ = {
			isa = PBXGroup;
			children = (
				1B9C5B3FDF8CD894FBFAA3D2 /* EmptyTabbedView.swift */,
				1B9C53BEF0BB203E657E6605 /* ExperimentTabbedView.swift */,
			);
			path = development_testing;
			sourceTree = "<group>";
		};
		1B9C5AB1A73548E153B4BE17 /* dashboard */ = {
			isa = PBXGroup;
			children = (
				1B9C551D2AC6ADA635DEF1E4 /* DateRangeLengthDescriptionTests.swift */,
				1B9C5ACFD66C505EB498FFAA /* your_recordings */,
			);
			path = dashboard;
			sourceTree = "<group>";
		};
		1B9C5AB6CB4364A4F55CC6D7 /* storage_provider */ = {
			isa = PBXGroup;
			children = (
				1B9C5A08A45EBA23555CFAFB /* StorageProvider.swift */,
				1B9C547D5A2C7A4BB73D8735 /* VersionedRecordingStorage.swift */,
				1B9C53907A16C011C13A10E1 /* realm */,
				1B9C52172A7B8ACC0F9E79F9 /* empty */,
			);
			path = storage_provider;
			sourceTree = "<group>";
		};
		1B9C5ACFD66C505EB498FFAA /* your_recordings */ = {
			isa = PBXGroup;
			children = (
				1B9C5860E4ABF95B08DB81BD /* export */,
			);
			path = your_recordings;
			sourceTree = "<group>";
		};
		1B9C5D2EFBE71384F9A9A691 /* record */ = {
			isa = PBXGroup;
			children = (
				1B9C5BE90E6C566E61C96DAE /* InitialDateTimeGuessTests.swift */,
			);
			path = record;
			sourceTree = "<group>";
		};
		1B9C5DCCE6731E5F1EECDEF3 /* visualization */ = {
			isa = PBXGroup;
			children = (
				1B9C5535C9D016607C3C1957 /* AllTimeProgressView.swift */,
				1B9C55A7C7B27050E99AAFD9 /* MostAffectedRegionsView.swift */,
				1B9C5ED7AC183693F8D93FEA /* LastTwoWeeksProgressView.swift */,
				1B9C5DCFA0B1217C9C6814DC /* ProgressLineChartView.swift */,
				1B9C53440A52CD93490D48C6 /* RecordingsInterpolator.swift */,
			);
			path = visualization;
			sourceTree = "<group>";
		};
		1B9C5E65B3A26C4DB8C3A8FA /* tab */ = {
			isa = PBXGroup;
			children = (
				1B9C53A262ECA94894B87166 /* TabbedView.swift */,
				1B9C593352F029084B32DD55 /* TabHeader.swift */,
				1B9C5BF899437DEB8E0EE090 /* FeedbackModal.swift */,
				1B9C55479508AA4E2DAA30D1 /* ReminderNotificationScheduler.swift */,
				1B9C53089B2E49AAAE1B633C /* NotificationConfigurationButtonRow.swift */,
			);
			path = tab;
			sourceTree = "<group>";
		};
		1B9C5ED9C6A07A6B8A8F9E34 /* visualization */ = {
			isa = PBXGroup;
			children = (
				1B9C5968E9C22AA60C614779 /* RecordingsInterpolatorTests.swift */,
			);
			path = visualization;
			sourceTree = "<group>";
		};
		D44C092F263EA2A100DBD819 /* record */ = {
			isa = PBXGroup;
			children = (
				1B9C5F6466ACBE2909042048 /* RecordTabbedView.swift */,
				1B9C57E7783B79690A4D6573 /* TimeOfDayToggle.swift */,
				1B9C510934421AF68EF9BAF6 /* FaceRegionSpotCountGroup.swift */,
				1B9C590141591DEB2542EC53 /* FormRecording.swift */,
				1B9C50AF381932920148DFAB /* photo */,
			);
			path = record;
			sourceTree = "<group>";
		};
		D4F4407F2635621A00B85A1B = {
			isa = PBXGroup;
			children = (
				D4F4408A2635621B00B85A1B /* SkinTracker */,
				D4F4409C2635621C00B85A1B /* SkinTrackerTests */,
				D4F440A72635621C00B85A1B /* SkinTrackerUITests */,
				D4F440892635621B00B85A1B /* Products */,
			);
			sourceTree = "<group>";
		};
		D4F440892635621B00B85A1B /* Products */ = {
			isa = PBXGroup;
			children = (
				D4F440882635621B00B85A1B /* SkinTracker.app */,
				D4F440992635621C00B85A1B /* SkinTrackerTests.xctest */,
				D4F440A42635621C00B85A1B /* SkinTrackerUITests.xctest */,
			);
			name = Products;
			sourceTree = "<group>";
		};
		D4F4408A2635621B00B85A1B /* SkinTracker */ = {
			isa = PBXGroup;
			children = (
				D44C092F263EA2A100DBD819 /* record */,
				D4F4408B2635621B00B85A1B /* SkinTrackerApp.swift */,
				D4F4408D2635621B00B85A1B /* MainView.swift */,
				D4F4408F2635621C00B85A1B /* Assets.xcassets */,
				D4F440942635621C00B85A1B /* Info.plist */,
				D4F440912635621C00B85A1B /* Preview Content */,
				1B9C5448D870B5D3D85461CD /* hideKeyboard.swift */,
				1B9C57C0CB11C1AF33845C54 /* dashboard */,
				1B9C56D3607E509136C02655 /* recording */,
				1B9C5E65B3A26C4DB8C3A8FA /* tab */,
				1B9C583A512DD73713814EFF /* usage_analytics */,
				1B9C538BC546487118E470F1 /* visualize */,
				1B9C5DCCE6731E5F1EECDEF3 /* visualization */,
				1B9C5A7FA15663B3C4719617 /* development_testing */,
				1B9C5246BDEC0AE445BCF40B /* gallery */,
			);
			path = SkinTracker;
			sourceTree = "<group>";
		};
		D4F440912635621C00B85A1B /* Preview Content */ = {
			isa = PBXGroup;
			children = (
				D4F440922635621C00B85A1B /* Preview Assets.xcassets */,
			);
			path = "Preview Content";
			sourceTree = "<group>";
		};
		D4F4409C2635621C00B85A1B /* SkinTrackerTests */ = {
			isa = PBXGroup;
			children = (
				D4F4409D2635621C00B85A1B /* SkinTrackerTests.swift */,
				D4F4409F2635621C00B85A1B /* Info.plist */,
				1B9C593E7BCA12EB9718C330 /* recording */,
				1B9C5AB1A73548E153B4BE17 /* dashboard */,
				1B9C5D2EFBE71384F9A9A691 /* record */,
				1B9C5ED9C6A07A6B8A8F9E34 /* visualization */,
			);
			path = SkinTrackerTests;
			sourceTree = "<group>";
		};
		D4F440A72635621C00B85A1B /* SkinTrackerUITests */ = {
			isa = PBXGroup;
			children = (
				D4F440A82635621C00B85A1B /* skintrackerUITests.swift */,
				D4F440AA2635621C00B85A1B /* Info.plist */,
			);
			path = SkinTrackerUITests;
			sourceTree = "<group>";
		};
/* End PBXGroup section */

/* Begin PBXNativeTarget section */
		D4F440872635621B00B85A1B /* SkinTracker */ = {
			isa = PBXNativeTarget;
			buildConfigurationList = D4F440AD2635621C00B85A1B /* Build configuration list for PBXNativeTarget "SkinTracker" */;
			buildPhases = (
				D4F440842635621B00B85A1B /* Sources */,
				D4F440852635621B00B85A1B /* Frameworks */,
				D4F440862635621B00B85A1B /* Resources */,
			);
			buildRules = (
			);
			dependencies = (
			);
			name = SkinTracker;
			packageProductDependencies = (
				D4E5DE5626436DDB00FB44BA /* Realm */,
				D4E5DE5826436DDB00FB44BA /* RealmSwift */,
				D42CC5D926457D7F00BBAD0D /* SwiftDate */,
				D42CC5DB26457D7F00BBAD0D /* SwiftDateStatic */,
				D42CC5E026494F4000BBAD0D /* SwiftUICharts */,
				D452D145264FFB7900B210E7 /* AppCenterDistribute */,
				D452D147264FFB7900B210E7 /* AppCenterCrashes */,
				D452D149264FFB7900B210E7 /* AppCenterAnalytics */,
				D4B1E36A26536A2B0084C820 /* Mixpanel */,
			);
			productName = skintracker;
			productReference = D4F440882635621B00B85A1B /* SkinTracker.app */;
			productType = "com.apple.product-type.application";
		};
		D4F440982635621C00B85A1B /* SkinTrackerTests */ = {
			isa = PBXNativeTarget;
			buildConfigurationList = D4F440B02635621C00B85A1B /* Build configuration list for PBXNativeTarget "SkinTrackerTests" */;
			buildPhases = (
				D4F440952635621C00B85A1B /* Sources */,
				D4F440962635621C00B85A1B /* Frameworks */,
				D4F440972635621C00B85A1B /* Resources */,
			);
			buildRules = (
			);
			dependencies = (
				D4F4409B2635621C00B85A1B /* PBXTargetDependency */,
			);
			name = SkinTrackerTests;
			productName = skintrackerTests;
			productReference = D4F440992635621C00B85A1B /* SkinTrackerTests.xctest */;
			productType = "com.apple.product-type.bundle.unit-test";
		};
		D4F440A32635621C00B85A1B /* SkinTrackerUITests */ = {
			isa = PBXNativeTarget;
			buildConfigurationList = D4F440B32635621C00B85A1B /* Build configuration list for PBXNativeTarget "SkinTrackerUITests" */;
			buildPhases = (
				D4F440A02635621C00B85A1B /* Sources */,
				D4F440A12635621C00B85A1B /* Frameworks */,
				D4F440A22635621C00B85A1B /* Resources */,
			);
			buildRules = (
			);
			dependencies = (
				D4F440A62635621C00B85A1B /* PBXTargetDependency */,
			);
			name = SkinTrackerUITests;
			productName = skintrackerUITests;
			productReference = D4F440A42635621C00B85A1B /* SkinTrackerUITests.xctest */;
			productType = "com.apple.product-type.bundle.ui-testing";
		};
/* End PBXNativeTarget section */

/* Begin PBXProject section */
		D4F440802635621A00B85A1B /* Project object */ = {
			isa = PBXProject;
			attributes = {
				LastSwiftUpdateCheck = 1240;
				LastUpgradeCheck = 1240;
				TargetAttributes = {
					D4F440872635621B00B85A1B = {
						CreatedOnToolsVersion = 12.4;
					};
					D4F440982635621C00B85A1B = {
						CreatedOnToolsVersion = 12.4;
						TestTargetID = D4F440872635621B00B85A1B;
					};
					D4F440A32635621C00B85A1B = {
						CreatedOnToolsVersion = 12.4;
						TestTargetID = D4F440872635621B00B85A1B;
					};
				};
			};
			buildConfigurationList = D4F440832635621B00B85A1B /* Build configuration list for PBXProject "SkinTracker" */;
			compatibilityVersion = "Xcode 9.3";
			developmentRegion = en;
			hasScannedForEncodings = 0;
			knownRegions = (
				en,
				Base,
			);
			mainGroup = D4F4407F2635621A00B85A1B;
			packageReferences = (
				D4E5DE5526436DDB00FB44BA /* XCRemoteSwiftPackageReference "realm-cocoa.git" */,
				D42CC5D826457D7F00BBAD0D /* XCRemoteSwiftPackageReference "SwiftDate" */,
				D42CC5DF26494F4000BBAD0D /* XCRemoteSwiftPackageReference "ChartView" */,
				D452D144264FFB7900B210E7 /* XCRemoteSwiftPackageReference "appcenter-sdk-apple.git" */,
				D4B1E36926536A2B0084C820 /* XCRemoteSwiftPackageReference "mixpanel-swift" */,
			);
			productRefGroup = D4F440892635621B00B85A1B /* Products */;
			projectDirPath = "";
			projectRoot = "";
			targets = (
				D4F440872635621B00B85A1B /* SkinTracker */,
				D4F440982635621C00B85A1B /* SkinTrackerTests */,
				D4F440A32635621C00B85A1B /* SkinTrackerUITests */,
			);
		};
/* End PBXProject section */

/* Begin PBXResourcesBuildPhase section */
		D4F440862635621B00B85A1B /* Resources */ = {
			isa = PBXResourcesBuildPhase;
			buildActionMask = 2147483647;
			files = (
				D4F440932635621C00B85A1B /* Preview Assets.xcassets in Resources */,
				D4F440902635621C00B85A1B /* Assets.xcassets in Resources */,
			);
			runOnlyForDeploymentPostprocessing = 0;
		};
		D4F440972635621C00B85A1B /* Resources */ = {
			isa = PBXResourcesBuildPhase;
			buildActionMask = 2147483647;
			files = (
			);
			runOnlyForDeploymentPostprocessing = 0;
		};
		D4F440A22635621C00B85A1B /* Resources */ = {
			isa = PBXResourcesBuildPhase;
			buildActionMask = 2147483647;
			files = (
			);
			runOnlyForDeploymentPostprocessing = 0;
		};
/* End PBXResourcesBuildPhase section */

/* Begin PBXSourcesBuildPhase section */
		D4F440842635621B00B85A1B /* Sources */ = {
			isa = PBXSourcesBuildPhase;
			buildActionMask = 2147483647;
			files = (
				D4F4408E2635621B00B85A1B /* MainView.swift in Sources */,
				D4F4408C2635621B00B85A1B /* SkinTrackerApp.swift in Sources */,
				1B9C5CA6BDD20A8DC15DB239 /* RecordTabbedView.swift in Sources */,
				1B9C550DF791D4A957CC1DAB /* TimeOfDayToggle.swift in Sources */,
				1B9C5B3FF03615AE28F4F0C8 /* hideKeyboard.swift in Sources */,
				1B9C53C49A7DC93C4522F103 /* FaceRegionSpotCountGroup.swift in Sources */,
				1B9C576FC9D66BD41EA5B8F5 /* DashboardTabbedView.swift in Sources */,
				1B9C504F84DEAFDC13EFDFE6 /* RecordingStorage.swift in Sources */,
				1B9C5EB161063F2BAA1367F2 /* Recording.swift in Sources */,
				1B9C518F2F23482594BCDF59 /* FaceRegion.swift in Sources */,
				1B9C5202763EA6EE4FB31C9A /* TimeOfDay.swift in Sources */,
				1B9C588F62E88DA3128CED07 /* RegionalSpotCount.swift in Sources */,
				1B9C54968C6D6224044C912D /* TabbedView.swift in Sources */,
				1B9C5E274518ECA0E2021F93 /* TabHeader.swift in Sources */,
				1B9C57C994F163DA93101740 /* DashboardDataVisualizationView.swift in Sources */,
				1B9C51503383B2C84146CC50 /* ImportRecordingsButton.swift in Sources */,
				1B9C5595117FC10898B6BF6E /* YourRecordingsListView.swift in Sources */,
				1B9C56E7188685973886EBFD /* YourRecordingsListHeader.swift in Sources */,
				1B9C54A630C304DA942E7794 /* AddRecordingFloatingActionButton.swift in Sources */,
				1B9C5177C2FF02D0179EE654 /* UserActivationDemoView.swift in Sources */,
				1B9C53A9FA73E75A29CBC3D9 /* FeedbackModal.swift in Sources */,
				1B9C5D45C2C5694A631F985D /* ReminderNotificationScheduler.swift in Sources */,
				1B9C57766D3E5EB9442E78B3 /* NotificationConfigurationButtonRow.swift in Sources */,
				1B9C5A82FBF9A31C6787912C /* UsageAnalytics.swift in Sources */,
				1B9C5C82F7DA0C098BB12A86 /* IdentifiedDevice.swift in Sources */,
				1B9C5ACF258CC71CE02AE8A5 /* TrackedEvent.swift in Sources */,
				1B9C5A927F2F3094BD190B0F /* ExportRecordingsButton.swift in Sources */,
				1B9C542CC0A23D2EACB8FBCE /* RecordingsBackupDocument.swift in Sources */,
				1B9C554DA3BD3BBDEF22C64F /* FormRecording.swift in Sources */,
				1B9C503429F17AB8AF3C76A1 /* VisualizeTabbedView.swift in Sources */,
				1B9C595C823F76F674A65D18 /* AllTimeProgressView.swift in Sources */,
				1B9C5F63F8E83DD305A32035 /* MostAffectedRegionsView.swift in Sources */,
				1B9C5FAC1434B37FBD5728BB /* LastTwoWeeksProgressView.swift in Sources */,
				1B9C5D3F21BFB0E3A103A9FD /* ProgressLineChartView.swift in Sources */,
				1B9C5952535AB70FFA10AAE2 /* StorageProvider.swift in Sources */,
				1B9C554921B88767E9712DEE /* VersionedRecordingStorage.swift in Sources */,
				1B9C516DEECE90387AF17CD2 /* RealmVersionedRecordingStorage.swift in Sources */,
				1B9C5DDF8847B33675F739DA /* RealmStorageProvider.swift in Sources */,
				1B9C58754AE06B6E3FE33D7D /* RecordingRealmObjectV1.swift in Sources */,
				1B9C5DAE82A6F8D630C2E6FB /* RecordingRealmObjectV2.swift in Sources */,
				1B9C56922E56A7821FF4764D /* EmptyStorageProvider.swift in Sources */,
				1B9C5331307B23DAEE0C22E3 /* RecordingsInterpolator.swift in Sources */,
				1B9C5ACEA50E79C0C7CD3F8F /* RecordingTime.swift in Sources */,
				1B9C5E2F9FFA8D023E8AE00F /* AddPhotoButton.swift in Sources */,
				1B9C5B22DE32EEB42BE28A2F /* EmptyTabbedView.swift in Sources */,
				1B9C579E50C74E1D064C0373 /* ExperimentTabbedView.swift in Sources */,
				1B9C50A48992C3AA94D96F1C /* PhotoPicker.swift in Sources */,
				1B9C5BCFFA8ABD67127AE0F2 /* PhotoStorage.swift in Sources */,
				1B9C512D6AF06687A60D6009 /* FileSystem.swift in Sources */,
				1B9C5AA7F05692DB27F930AD /* PhotoPreview.swift in Sources */,
				1B9C5721891BDBEC3FF9C6AA /* GalleryTabbedView.swift in Sources */,
			);
			runOnlyForDeploymentPostprocessing = 0;
		};
		D4F440952635621C00B85A1B /* Sources */ = {
			isa = PBXSourcesBuildPhase;
			buildActionMask = 2147483647;
			files = (
				D4F4409E2635621C00B85A1B /* SkinTrackerTests.swift in Sources */,
				1B9C59D85F0AB7E6F7179E45 /* RecordingTimeIsForTests.swift in Sources */,
				1B9C522291AB526BC943D998 /* RecordingTimeLessThanTests.swift in Sources */,
				1B9C529D1F6877DDC83E9BFA /* RecordingToJsonTests.swift in Sources */,
				1B9C5508D9C19AC3C2AA7728 /* DateRangeLengthDescriptionTests.swift in Sources */,
				1B9C514F9091A8F841020FC5 /* ExportRecordingsFilenameTest.swift in Sources */,
				1B9C5069CA5C1D2C68B932D2 /* RegionalSpotCountTests.swift in Sources */,
				1B9C511CB888839BB003DC3A /* TimeOfDayFromGuessTests.swift in Sources */,
				1B9C59D3C93E6E132CB7A650 /* RecordingTimeIsInLastTests.swift in Sources */,
				1B9C535368CF92E2A83D8821 /* InitialDateTimeGuessTests.swift in Sources */,
				1B9C58EEC8E9B079C99188ED /* RecordingsInterpolatorTests.swift in Sources */,
				1B9C53CBCEEA143DD355E3E7 /* RecordingListDateRangeTests.swift in Sources */,
				1B9C5B53DDECDEC667021EED /* RecordingStorageStoreTests.swift in Sources */,
				1B9C51A02F099427AF40EBC8 /* MockStorageProvider.swift in Sources */,
				1B9C535D8F83EF5A25CBF093 /* RecordingTimeEquatableTests.swift in Sources */,
				1B9C5F5CEBEF8E70B61C07C5 /* RecordingFactory.swift in Sources */,
				1B9C5CF50EF966D13C9D6022 /* RecordingTimeFactory.swift in Sources */,
			);
			runOnlyForDeploymentPostprocessing = 0;
		};
		D4F440A02635621C00B85A1B /* Sources */ = {
			isa = PBXSourcesBuildPhase;
			buildActionMask = 2147483647;
			files = (
				D4F440A92635621C00B85A1B /* skintrackerUITests.swift in Sources */,
			);
			runOnlyForDeploymentPostprocessing = 0;
		};
/* End PBXSourcesBuildPhase section */

/* Begin PBXTargetDependency section */
		D4F4409B2635621C00B85A1B /* PBXTargetDependency */ = {
			isa = PBXTargetDependency;
			target = D4F440872635621B00B85A1B /* SkinTracker */;
			targetProxy = D4F4409A2635621C00B85A1B /* PBXContainerItemProxy */;
		};
		D4F440A62635621C00B85A1B /* PBXTargetDependency */ = {
			isa = PBXTargetDependency;
			target = D4F440872635621B00B85A1B /* SkinTracker */;
			targetProxy = D4F440A52635621C00B85A1B /* PBXContainerItemProxy */;
		};
/* End PBXTargetDependency section */

/* Begin XCBuildConfiguration section */
		D4F440AB2635621C00B85A1B /* Debug */ = {
			isa = XCBuildConfiguration;
			buildSettings = {
				ALWAYS_SEARCH_USER_PATHS = NO;
				CLANG_ANALYZER_NONNULL = YES;
				CLANG_ANALYZER_NUMBER_OBJECT_CONVERSION = YES_AGGRESSIVE;
				CLANG_CXX_LANGUAGE_STANDARD = "gnu++14";
				CLANG_CXX_LIBRARY = "libc++";
				CLANG_ENABLE_MODULES = YES;
				CLANG_ENABLE_OBJC_ARC = YES;
				CLANG_ENABLE_OBJC_WEAK = YES;
				CLANG_WARN_BLOCK_CAPTURE_AUTORELEASING = YES;
				CLANG_WARN_BOOL_CONVERSION = YES;
				CLANG_WARN_COMMA = YES;
				CLANG_WARN_CONSTANT_CONVERSION = YES;
				CLANG_WARN_DEPRECATED_OBJC_IMPLEMENTATIONS = YES;
				CLANG_WARN_DIRECT_OBJC_ISA_USAGE = YES_ERROR;
				CLANG_WARN_DOCUMENTATION_COMMENTS = YES;
				CLANG_WARN_EMPTY_BODY = YES;
				CLANG_WARN_ENUM_CONVERSION = YES;
				CLANG_WARN_INFINITE_RECURSION = YES;
				CLANG_WARN_INT_CONVERSION = YES;
				CLANG_WARN_NON_LITERAL_NULL_CONVERSION = YES;
				CLANG_WARN_OBJC_IMPLICIT_RETAIN_SELF = YES;
				CLANG_WARN_OBJC_LITERAL_CONVERSION = YES;
				CLANG_WARN_OBJC_ROOT_CLASS = YES_ERROR;
				CLANG_WARN_QUOTED_INCLUDE_IN_FRAMEWORK_HEADER = YES;
				CLANG_WARN_RANGE_LOOP_ANALYSIS = YES;
				CLANG_WARN_STRICT_PROTOTYPES = YES;
				CLANG_WARN_SUSPICIOUS_MOVE = YES;
				CLANG_WARN_UNGUARDED_AVAILABILITY = YES_AGGRESSIVE;
				CLANG_WARN_UNREACHABLE_CODE = YES;
				CLANG_WARN__DUPLICATE_METHOD_MATCH = YES;
				COPY_PHASE_STRIP = NO;
				DEBUG_INFORMATION_FORMAT = dwarf;
				ENABLE_STRICT_OBJC_MSGSEND = YES;
				ENABLE_TESTABILITY = YES;
				GCC_C_LANGUAGE_STANDARD = gnu11;
				GCC_DYNAMIC_NO_PIC = NO;
				GCC_NO_COMMON_BLOCKS = YES;
				GCC_OPTIMIZATION_LEVEL = 0;
				GCC_PREPROCESSOR_DEFINITIONS = (
					"DEBUG=1",
					"$(inherited)",
				);
				GCC_WARN_64_TO_32_BIT_CONVERSION = YES;
				GCC_WARN_ABOUT_RETURN_TYPE = YES_ERROR;
				GCC_WARN_UNDECLARED_SELECTOR = YES;
				GCC_WARN_UNINITIALIZED_AUTOS = YES_AGGRESSIVE;
				GCC_WARN_UNUSED_FUNCTION = YES;
				GCC_WARN_UNUSED_VARIABLE = YES;
				IPHONEOS_DEPLOYMENT_TARGET = 14.4;
				MTL_ENABLE_DEBUG_INFO = INCLUDE_SOURCE;
				MTL_FAST_MATH = YES;
				ONLY_ACTIVE_ARCH = YES;
				SDKROOT = iphoneos;
				SWIFT_ACTIVE_COMPILATION_CONDITIONS = DEBUG;
				SWIFT_OPTIMIZATION_LEVEL = "-Onone";
			};
			name = Debug;
		};
		D4F440AC2635621C00B85A1B /* Release */ = {
			isa = XCBuildConfiguration;
			buildSettings = {
				ALWAYS_SEARCH_USER_PATHS = NO;
				CLANG_ANALYZER_NONNULL = YES;
				CLANG_ANALYZER_NUMBER_OBJECT_CONVERSION = YES_AGGRESSIVE;
				CLANG_CXX_LANGUAGE_STANDARD = "gnu++14";
				CLANG_CXX_LIBRARY = "libc++";
				CLANG_ENABLE_MODULES = YES;
				CLANG_ENABLE_OBJC_ARC = YES;
				CLANG_ENABLE_OBJC_WEAK = YES;
				CLANG_WARN_BLOCK_CAPTURE_AUTORELEASING = YES;
				CLANG_WARN_BOOL_CONVERSION = YES;
				CLANG_WARN_COMMA = YES;
				CLANG_WARN_CONSTANT_CONVERSION = YES;
				CLANG_WARN_DEPRECATED_OBJC_IMPLEMENTATIONS = YES;
				CLANG_WARN_DIRECT_OBJC_ISA_USAGE = YES_ERROR;
				CLANG_WARN_DOCUMENTATION_COMMENTS = YES;
				CLANG_WARN_EMPTY_BODY = YES;
				CLANG_WARN_ENUM_CONVERSION = YES;
				CLANG_WARN_INFINITE_RECURSION = YES;
				CLANG_WARN_INT_CONVERSION = YES;
				CLANG_WARN_NON_LITERAL_NULL_CONVERSION = YES;
				CLANG_WARN_OBJC_IMPLICIT_RETAIN_SELF = YES;
				CLANG_WARN_OBJC_LITERAL_CONVERSION = YES;
				CLANG_WARN_OBJC_ROOT_CLASS = YES_ERROR;
				CLANG_WARN_QUOTED_INCLUDE_IN_FRAMEWORK_HEADER = YES;
				CLANG_WARN_RANGE_LOOP_ANALYSIS = YES;
				CLANG_WARN_STRICT_PROTOTYPES = YES;
				CLANG_WARN_SUSPICIOUS_MOVE = YES;
				CLANG_WARN_UNGUARDED_AVAILABILITY = YES_AGGRESSIVE;
				CLANG_WARN_UNREACHABLE_CODE = YES;
				CLANG_WARN__DUPLICATE_METHOD_MATCH = YES;
				COPY_PHASE_STRIP = NO;
				DEBUG_INFORMATION_FORMAT = "dwarf-with-dsym";
				ENABLE_NS_ASSERTIONS = NO;
				ENABLE_STRICT_OBJC_MSGSEND = YES;
				GCC_C_LANGUAGE_STANDARD = gnu11;
				GCC_NO_COMMON_BLOCKS = YES;
				GCC_WARN_64_TO_32_BIT_CONVERSION = YES;
				GCC_WARN_ABOUT_RETURN_TYPE = YES_ERROR;
				GCC_WARN_UNDECLARED_SELECTOR = YES;
				GCC_WARN_UNINITIALIZED_AUTOS = YES_AGGRESSIVE;
				GCC_WARN_UNUSED_FUNCTION = YES;
				GCC_WARN_UNUSED_VARIABLE = YES;
				IPHONEOS_DEPLOYMENT_TARGET = 14.4;
				MTL_ENABLE_DEBUG_INFO = NO;
				MTL_FAST_MATH = YES;
				SDKROOT = iphoneos;
				SWIFT_COMPILATION_MODE = wholemodule;
				SWIFT_OPTIMIZATION_LEVEL = "-O";
				VALIDATE_PRODUCT = YES;
			};
			name = Release;
		};
		D4F440AE2635621C00B85A1B /* Debug */ = {
			isa = XCBuildConfiguration;
			buildSettings = {
				ASSETCATALOG_COMPILER_APPICON_NAME = "AppIcon-1";
				ASSETCATALOG_COMPILER_GLOBAL_ACCENT_COLOR_NAME = AccentColor;
				CODE_SIGN_STYLE = Automatic;
				CURRENT_PROJECT_VERSION = 1;
				DEVELOPMENT_ASSET_PATHS = "\"skintracker/Preview Content\"";
				DEVELOPMENT_TEAM = DUX784VA27;
				ENABLE_PREVIEWS = YES;
				INFOPLIST_FILE = skintracker/Info.plist;
				IPHONEOS_DEPLOYMENT_TARGET = 14.0;
				LD_RUNPATH_SEARCH_PATHS = (
					"$(inherited)",
					"@executable_path/Frameworks",
				);
				MARKETING_VERSION = 1.3;
				PRODUCT_BUNDLE_IDENTIFIER = com.rm.skintracker;
				PRODUCT_NAME = "$(TARGET_NAME)";
				SWIFT_VERSION = 5.0;
				TARGETED_DEVICE_FAMILY = "1,2";
			};
			name = Debug;
		};
		D4F440AF2635621C00B85A1B /* Release */ = {
			isa = XCBuildConfiguration;
			buildSettings = {
				ASSETCATALOG_COMPILER_APPICON_NAME = "AppIcon-1";
				ASSETCATALOG_COMPILER_GLOBAL_ACCENT_COLOR_NAME = AccentColor;
				CODE_SIGN_STYLE = Automatic;
				CURRENT_PROJECT_VERSION = 1;
				DEVELOPMENT_ASSET_PATHS = "\"skintracker/Preview Content\"";
				DEVELOPMENT_TEAM = DUX784VA27;
				ENABLE_PREVIEWS = YES;
				INFOPLIST_FILE = skintracker/Info.plist;
				IPHONEOS_DEPLOYMENT_TARGET = 14.0;
				LD_RUNPATH_SEARCH_PATHS = (
					"$(inherited)",
					"@executable_path/Frameworks",
				);
				MARKETING_VERSION = 1.3;
				PRODUCT_BUNDLE_IDENTIFIER = com.rm.skintracker;
				PRODUCT_NAME = "$(TARGET_NAME)";
				SWIFT_VERSION = 5.0;
				TARGETED_DEVICE_FAMILY = "1,2";
			};
			name = Release;
		};
		D4F440B12635621C00B85A1B /* Debug */ = {
			isa = XCBuildConfiguration;
			buildSettings = {
				ALWAYS_EMBED_SWIFT_STANDARD_LIBRARIES = YES;
				BUNDLE_LOADER = "$(TEST_HOST)";
				CODE_SIGN_STYLE = Automatic;
				DEVELOPMENT_TEAM = DUX784VA27;
				INFOPLIST_FILE = skintrackerTests/Info.plist;
				IPHONEOS_DEPLOYMENT_TARGET = 14.0;
				LD_RUNPATH_SEARCH_PATHS = (
					"$(inherited)",
					"@executable_path/Frameworks",
					"@loader_path/Frameworks",
				);
				PRODUCT_BUNDLE_IDENTIFIER = com.rm.skintrackerTests;
				PRODUCT_NAME = "$(TARGET_NAME)";
				SWIFT_VERSION = 5.0;
				TARGETED_DEVICE_FAMILY = "1,2";
				TEST_HOST = "$(BUILT_PRODUCTS_DIR)/SkinTracker.app/SkinTracker";
			};
			name = Debug;
		};
		D4F440B22635621C00B85A1B /* Release */ = {
			isa = XCBuildConfiguration;
			buildSettings = {
				ALWAYS_EMBED_SWIFT_STANDARD_LIBRARIES = YES;
				BUNDLE_LOADER = "$(TEST_HOST)";
				CODE_SIGN_STYLE = Automatic;
				DEVELOPMENT_TEAM = DUX784VA27;
				INFOPLIST_FILE = skintrackerTests/Info.plist;
				IPHONEOS_DEPLOYMENT_TARGET = 14.0;
				LD_RUNPATH_SEARCH_PATHS = (
					"$(inherited)",
					"@executable_path/Frameworks",
					"@loader_path/Frameworks",
				);
				PRODUCT_BUNDLE_IDENTIFIER = com.rm.skintrackerTests;
				PRODUCT_NAME = "$(TARGET_NAME)";
				SWIFT_VERSION = 5.0;
				TARGETED_DEVICE_FAMILY = "1,2";
				TEST_HOST = "$(BUILT_PRODUCTS_DIR)/SkinTracker.app/SkinTracker";
			};
			name = Release;
		};
		D4F440B42635621C00B85A1B /* Debug */ = {
			isa = XCBuildConfiguration;
			buildSettings = {
				ALWAYS_EMBED_SWIFT_STANDARD_LIBRARIES = YES;
				CODE_SIGN_STYLE = Automatic;
				DEVELOPMENT_TEAM = DUX784VA27;
				INFOPLIST_FILE = skintrackerUITests/Info.plist;
				LD_RUNPATH_SEARCH_PATHS = (
					"$(inherited)",
					"@executable_path/Frameworks",
					"@loader_path/Frameworks",
				);
				PRODUCT_BUNDLE_IDENTIFIER = com.rm.skintrackerUITests;
				PRODUCT_NAME = "$(TARGET_NAME)";
				SWIFT_VERSION = 5.0;
				TARGETED_DEVICE_FAMILY = "1,2";
				TEST_TARGET_NAME = skintracker;
			};
			name = Debug;
		};
		D4F440B52635621C00B85A1B /* Release */ = {
			isa = XCBuildConfiguration;
			buildSettings = {
				ALWAYS_EMBED_SWIFT_STANDARD_LIBRARIES = YES;
				CODE_SIGN_STYLE = Automatic;
				DEVELOPMENT_TEAM = DUX784VA27;
				INFOPLIST_FILE = skintrackerUITests/Info.plist;
				LD_RUNPATH_SEARCH_PATHS = (
					"$(inherited)",
					"@executable_path/Frameworks",
					"@loader_path/Frameworks",
				);
				PRODUCT_BUNDLE_IDENTIFIER = com.rm.skintrackerUITests;
				PRODUCT_NAME = "$(TARGET_NAME)";
				SWIFT_VERSION = 5.0;
				TARGETED_DEVICE_FAMILY = "1,2";
				TEST_TARGET_NAME = skintracker;
			};
			name = Release;
		};
/* End XCBuildConfiguration section */

/* Begin XCConfigurationList section */
		D4F440832635621B00B85A1B /* Build configuration list for PBXProject "SkinTracker" */ = {
			isa = XCConfigurationList;
			buildConfigurations = (
				D4F440AB2635621C00B85A1B /* Debug */,
				D4F440AC2635621C00B85A1B /* Release */,
			);
			defaultConfigurationIsVisible = 0;
			defaultConfigurationName = Release;
		};
		D4F440AD2635621C00B85A1B /* Build configuration list for PBXNativeTarget "SkinTracker" */ = {
			isa = XCConfigurationList;
			buildConfigurations = (
				D4F440AE2635621C00B85A1B /* Debug */,
				D4F440AF2635621C00B85A1B /* Release */,
			);
			defaultConfigurationIsVisible = 0;
			defaultConfigurationName = Release;
		};
		D4F440B02635621C00B85A1B /* Build configuration list for PBXNativeTarget "SkinTrackerTests" */ = {
			isa = XCConfigurationList;
			buildConfigurations = (
				D4F440B12635621C00B85A1B /* Debug */,
				D4F440B22635621C00B85A1B /* Release */,
			);
			defaultConfigurationIsVisible = 0;
			defaultConfigurationName = Release;
		};
		D4F440B32635621C00B85A1B /* Build configuration list for PBXNativeTarget "SkinTrackerUITests" */ = {
			isa = XCConfigurationList;
			buildConfigurations = (
				D4F440B42635621C00B85A1B /* Debug */,
				D4F440B52635621C00B85A1B /* Release */,
			);
			defaultConfigurationIsVisible = 0;
			defaultConfigurationName = Release;
		};
/* End XCConfigurationList section */

/* Begin XCRemoteSwiftPackageReference section */
		D42CC5D826457D7F00BBAD0D /* XCRemoteSwiftPackageReference "SwiftDate" */ = {
			isa = XCRemoteSwiftPackageReference;
			repositoryURL = "https://github.com/malcommac/SwiftDate";
			requirement = {
				kind = upToNextMajorVersion;
				minimumVersion = 6.3.1;
			};
		};
		D42CC5DF26494F4000BBAD0D /* XCRemoteSwiftPackageReference "ChartView" */ = {
			isa = XCRemoteSwiftPackageReference;
			repositoryURL = "https://github.com/AppPear/ChartView";
			requirement = {
				kind = upToNextMajorVersion;
				minimumVersion = 1.5.5;
			};
		};
		D452D144264FFB7900B210E7 /* XCRemoteSwiftPackageReference "appcenter-sdk-apple.git" */ = {
			isa = XCRemoteSwiftPackageReference;
			repositoryURL = "https://github.com/microsoft/appcenter-sdk-apple.git";
			requirement = {
				kind = upToNextMajorVersion;
				minimumVersion = 4.1.1;
			};
		};
		D4B1E36926536A2B0084C820 /* XCRemoteSwiftPackageReference "mixpanel-swift" */ = {
			isa = XCRemoteSwiftPackageReference;
			repositoryURL = "https://github.com/mixpanel/mixpanel-swift";
			requirement = {
				kind = upToNextMajorVersion;
				minimumVersion = 2.9.3;
			};
		};
		D4E5DE5526436DDB00FB44BA /* XCRemoteSwiftPackageReference "realm-cocoa.git" */ = {
			isa = XCRemoteSwiftPackageReference;
			repositoryURL = "https://github.com/realm/realm-cocoa.git";
			requirement = {
				kind = upToNextMajorVersion;
				minimumVersion = 10.7.4;
			};
		};
/* End XCRemoteSwiftPackageReference section */

/* Begin XCSwiftPackageProductDependency section */
		D42CC5D926457D7F00BBAD0D /* SwiftDate */ = {
			isa = XCSwiftPackageProductDependency;
			package = D42CC5D826457D7F00BBAD0D /* XCRemoteSwiftPackageReference "SwiftDate" */;
			productName = SwiftDate;
		};
		D42CC5DB26457D7F00BBAD0D /* SwiftDateStatic */ = {
			isa = XCSwiftPackageProductDependency;
			package = D42CC5D826457D7F00BBAD0D /* XCRemoteSwiftPackageReference "SwiftDate" */;
			productName = SwiftDateStatic;
		};
		D42CC5E026494F4000BBAD0D /* SwiftUICharts */ = {
			isa = XCSwiftPackageProductDependency;
			package = D42CC5DF26494F4000BBAD0D /* XCRemoteSwiftPackageReference "ChartView" */;
			productName = SwiftUICharts;
		};
		D452D145264FFB7900B210E7 /* AppCenterDistribute */ = {
			isa = XCSwiftPackageProductDependency;
			package = D452D144264FFB7900B210E7 /* XCRemoteSwiftPackageReference "appcenter-sdk-apple.git" */;
			productName = AppCenterDistribute;
		};
		D452D147264FFB7900B210E7 /* AppCenterCrashes */ = {
			isa = XCSwiftPackageProductDependency;
			package = D452D144264FFB7900B210E7 /* XCRemoteSwiftPackageReference "appcenter-sdk-apple.git" */;
			productName = AppCenterCrashes;
		};
		D452D149264FFB7900B210E7 /* AppCenterAnalytics */ = {
			isa = XCSwiftPackageProductDependency;
			package = D452D144264FFB7900B210E7 /* XCRemoteSwiftPackageReference "appcenter-sdk-apple.git" */;
			productName = AppCenterAnalytics;
		};
		D4B1E36A26536A2B0084C820 /* Mixpanel */ = {
			isa = XCSwiftPackageProductDependency;
			package = D4B1E36926536A2B0084C820 /* XCRemoteSwiftPackageReference "mixpanel-swift" */;
			productName = Mixpanel;
		};
		D4E5DE5626436DDB00FB44BA /* Realm */ = {
			isa = XCSwiftPackageProductDependency;
			package = D4E5DE5526436DDB00FB44BA /* XCRemoteSwiftPackageReference "realm-cocoa.git" */;
			productName = Realm;
		};
		D4E5DE5826436DDB00FB44BA /* RealmSwift */ = {
			isa = XCSwiftPackageProductDependency;
			package = D4E5DE5526436DDB00FB44BA /* XCRemoteSwiftPackageReference "realm-cocoa.git" */;
			productName = RealmSwift;
		};
/* End XCSwiftPackageProductDependency section */
	};
	rootObject = D4F440802635621A00B85A1B /* Project object */;
}
